
Microsoft Visual Studio Solution File, Format Version 9.00
# Visual Studio 2005
Project("{FAE04EC0-301F-11D3-BF4B-00C04F79EFBC}") = "AddNpcActionNode", "AddNpcActionNode\AddNpcActionNode.csproj", "{3650FFF8-2DBB-4CEA-A49C-558C956DFFFD}"
EndProject
Global
	GlobalSection(SolutionConfigurationPlatforms) = preSolution
		Debug|Any CPU = Debug|Any CPU
		Release|Any CPU = Release|Any CPU
	EndGlobalSection
	GlobalSection(ProjectConfigurationPlatforms) = postSolution
		{3650FFF8-2DBB-4CEA-A49C-558C956DFFFD}.Debug|Any CPU.ActiveCfg = Debug|Any CPU
		{3650FFF8-2DBB-4CEA-A49C-558C956DFFFD}.Debug|Any CPU.Build.0 = Debug|Any CPU
		{3650FFF8-2DBB-4CEA-A49C-558C956DFFFD}.Release|Any CPU.ActiveCfg = Release|Any CPU
		{3650FFF8-2DBB-4CEA-A49C-558C956DFFFD}.Release|Any CPU.Build.0 = Release|Any CPU
	EndGlobalSection
	GlobalSection(SolutionProperties) = preSolution
		HideSolutionNode = FALSE
	EndGlobalSection
EndGlobal
