
Microsoft Visual Studio Solution File, Format Version 10.00
# Visual Studio 2008
Project("{8BC9CEB8-8B4A-11D0-8D11-00A0C91BC942}") = "UpdatePakSfx", "UpdatePakSfx\UpdatePakSfx.vcproj", "{438CB408-9D72-4842-9BD2-E1EB44698628}"
EndProject
Project("{8BC9CEB8-8B4A-11D0-8D11-00A0C91BC942}") = "gameupdater", "GameUpdater\Gameupdater.vcproj", "{4923710C-CC8B-47F4-848D-633B92AC215C}"
EndProject
Global
	GlobalSection(SolutionConfigurationPlatforms) = preSolution
		Debug|Win32 = Debug|Win32
		Release|Win32 = Release|Win32
	EndGlobalSection
	GlobalSection(ProjectConfigurationPlatforms) = postSolution
		{438CB408-9D72-4842-9BD2-E1EB44698628}.Debug|Win32.ActiveCfg = Debug|Win32
		{438CB408-9D72-4842-9BD2-E1EB44698628}.Debug|Win32.Build.0 = Debug|Win32
		{438CB408-9D72-4842-9BD2-E1EB44698628}.Release|Win32.ActiveCfg = Release|Win32
		{438CB408-9D72-4842-9BD2-E1EB44698628}.Release|Win32.Build.0 = Release|Win32
		{4923710C-CC8B-47F4-848D-633B92AC215C}.Debug|Win32.ActiveCfg = Debug|Win32
		{4923710C-CC8B-47F4-848D-633B92AC215C}.Debug|Win32.Build.0 = Debug|Win32
		{4923710C-CC8B-47F4-848D-633B92AC215C}.Release|Win32.ActiveCfg = Release|Win32
		{4923710C-CC8B-47F4-848D-633B92AC215C}.Release|Win32.Build.0 = Release|Win32
	EndGlobalSection
	GlobalSection(SolutionProperties) = preSolution
		HideSolutionNode = FALSE
	EndGlobalSection
EndGlobal
