
Microsoft Visual Studio Solution File, Format Version 9.00
# Visual Studio 2005
Project("{8BC9CEB8-8B4A-11D0-8D11-00A0C91BC942}") = "Jx3DBChecker", "Jx3DBChecker.vcproj", "{BC2E199D-7B9E-4A93-B193-4FE587063D7D}"
EndProject
Project("{8BC9CEB8-8B4A-11D0-8D11-00A0C91BC942}") = "jx3roleanalyser", "..\..\..\..\..\Tools\biztool\src\jx3roleanalyser\jx3roleanalyser.vcproj", "{73FFB44E-4887-4624-865B-49BF6FBB1DC2}"
EndProject
Global
	GlobalSection(SolutionConfigurationPlatforms) = preSolution
		Debug|Win32 = Debug|Win32
		Release|Win32 = Release|Win32
	EndGlobalSection
	GlobalSection(ProjectConfigurationPlatforms) = postSolution
		{BC2E199D-7B9E-4A93-B193-4FE587063D7D}.Debug|Win32.ActiveCfg = Debug|Win32
		{BC2E199D-7B9E-4A93-B193-4FE587063D7D}.Debug|Win32.Build.0 = Debug|Win32
		{BC2E199D-7B9E-4A93-B193-4FE587063D7D}.Release|Win32.ActiveCfg = Release|Win32
		{BC2E199D-7B9E-4A93-B193-4FE587063D7D}.Release|Win32.Build.0 = Release|Win32
		{73FFB44E-4887-4624-865B-49BF6FBB1DC2}.Debug|Win32.ActiveCfg = Debug|Win32
		{73FFB44E-4887-4624-865B-49BF6FBB1DC2}.Debug|Win32.Build.0 = Debug|Win32
		{73FFB44E-4887-4624-865B-49BF6FBB1DC2}.Release|Win32.ActiveCfg = Release|Win32
		{73FFB44E-4887-4624-865B-49BF6FBB1DC2}.Release|Win32.Build.0 = Release|Win32
	EndGlobalSection
	GlobalSection(SolutionProperties) = preSolution
		HideSolutionNode = FALSE
	EndGlobalSection
EndGlobal
