
Microsoft Visual Studio Solution File, Format Version 9.00
# Visual Studio 2005
Project("{8BC9CEB8-8B4A-11D0-8D11-00A0C91BC942}") = "KG3DUITest", "KG3DUITest.vcproj", "{C5CE63E8-D5C2-4160-8A5F-6B64FC51A660}"
EndProject
Global
	GlobalSection(SolutionConfigurationPlatforms) = preSolution
		Debug|Win32 = Debug|Win32
		Release|Win32 = Release|Win32
	EndGlobalSection
	GlobalSection(ProjectConfigurationPlatforms) = postSolution
		{C5CE63E8-D5C2-4160-8A5F-6B64FC51A660}.Debug|Win32.ActiveCfg = Debug|Win32
		{C5CE63E8-D5C2-4160-8A5F-6B64FC51A660}.Debug|Win32.Build.0 = Debug|Win32
		{C5CE63E8-D5C2-4160-8A5F-6B64FC51A660}.Release|Win32.ActiveCfg = Release|Win32
		{C5CE63E8-D5C2-4160-8A5F-6B64FC51A660}.Release|Win32.Build.0 = Release|Win32
	EndGlobalSection
	GlobalSection(SolutionProperties) = preSolution
		HideSolutionNode = FALSE
	EndGlobalSection
EndGlobal
