
Microsoft Visual Studio Solution File, Format Version 9.00
# Visual Studio 2005
Project("{FAE04EC0-301F-11D3-BF4B-00C04F79EFBC}") = "UploadImageToDatabase", "UploadImageToDatabase\UploadImageToDatabase.csproj", "{62665F91-17FF-4369-9AD7-A2662E96653C}"
EndProject
Global
	GlobalSection(SolutionConfigurationPlatforms) = preSolution
		Debug|Any CPU = Debug|Any CPU
		Release|Any CPU = Release|Any CPU
	EndGlobalSection
	GlobalSection(ProjectConfigurationPlatforms) = postSolution
		{62665F91-17FF-4369-9AD7-A2662E96653C}.Debug|Any CPU.ActiveCfg = Debug|Any CPU
		{62665F91-17FF-4369-9AD7-A2662E96653C}.Debug|Any CPU.Build.0 = Debug|Any CPU
		{62665F91-17FF-4369-9AD7-A2662E96653C}.Release|Any CPU.ActiveCfg = Release|Any CPU
		{62665F91-17FF-4369-9AD7-A2662E96653C}.Release|Any CPU.Build.0 = Release|Any CPU
	EndGlobalSection
	GlobalSection(SolutionProperties) = preSolution
		HideSolutionNode = FALSE
	EndGlobalSection
EndGlobal
