
Microsoft Visual Studio Solution File, Format Version 9.00
# Visual Studio 2005
Project("{8BC9CEB8-8B4A-11D0-8D11-00A0C91BC942}") = "atlax", "atlax\atlax.vcproj", "{0A22E6DC-A387-47EF-A84F-992477B64CB4}"
EndProject
Project("{8BC9CEB8-8B4A-11D0-8D11-00A0C91BC942}") = "atlaxPS", "atlax\atlaxPS.vcproj", "{1E861947-6D3E-4F28-B4A9-8637E41DA02B}"
	ProjectSection(ProjectDependencies) = postProject
		{0A22E6DC-A387-47EF-A84F-992477B64CB4} = {0A22E6DC-A387-47EF-A84F-992477B64CB4}
	EndProjectSection
EndProject
Global
	GlobalSection(SolutionConfigurationPlatforms) = preSolution
		Debug_DLL|Win32 = Debug_DLL|Win32
		Debug_Performance_Analyze|Win32 = Debug_Performance_Analyze|Win32
		Debug|Win32 = Debug|Win32
		Release_DLL|Win32 = Release_DLL|Win32
		Release|Win32 = Release|Win32
	EndGlobalSection
	GlobalSection(ProjectConfigurationPlatforms) = postSolution
		{0A22E6DC-A387-47EF-A84F-992477B64CB4}.Debug_DLL|Win32.ActiveCfg = Debug|Win32
		{0A22E6DC-A387-47EF-A84F-992477B64CB4}.Debug_DLL|Win32.Build.0 = Debug|Win32
		{0A22E6DC-A387-47EF-A84F-992477B64CB4}.Debug_Performance_Analyze|Win32.ActiveCfg = Debug|Win32
		{0A22E6DC-A387-47EF-A84F-992477B64CB4}.Debug_Performance_Analyze|Win32.Build.0 = Debug|Win32
		{0A22E6DC-A387-47EF-A84F-992477B64CB4}.Debug|Win32.ActiveCfg = Debug|Win32
		{0A22E6DC-A387-47EF-A84F-992477B64CB4}.Debug|Win32.Build.0 = Debug|Win32
		{0A22E6DC-A387-47EF-A84F-992477B64CB4}.Release_DLL|Win32.ActiveCfg = Release|Win32
		{0A22E6DC-A387-47EF-A84F-992477B64CB4}.Release_DLL|Win32.Build.0 = Release|Win32
		{0A22E6DC-A387-47EF-A84F-992477B64CB4}.Release|Win32.ActiveCfg = Release|Win32
		{0A22E6DC-A387-47EF-A84F-992477B64CB4}.Release|Win32.Build.0 = Release|Win32
		{1E861947-6D3E-4F28-B4A9-8637E41DA02B}.Debug_DLL|Win32.ActiveCfg = Debug|Win32
		{1E861947-6D3E-4F28-B4A9-8637E41DA02B}.Debug_DLL|Win32.Build.0 = Debug|Win32
		{1E861947-6D3E-4F28-B4A9-8637E41DA02B}.Debug_Performance_Analyze|Win32.ActiveCfg = Debug|Win32
		{1E861947-6D3E-4F28-B4A9-8637E41DA02B}.Debug_Performance_Analyze|Win32.Build.0 = Debug|Win32
		{1E861947-6D3E-4F28-B4A9-8637E41DA02B}.Debug|Win32.ActiveCfg = Debug|Win32
		{1E861947-6D3E-4F28-B4A9-8637E41DA02B}.Release_DLL|Win32.ActiveCfg = Release|Win32
		{1E861947-6D3E-4F28-B4A9-8637E41DA02B}.Release_DLL|Win32.Build.0 = Release|Win32
		{1E861947-6D3E-4F28-B4A9-8637E41DA02B}.Release|Win32.ActiveCfg = Release|Win32
	EndGlobalSection
	GlobalSection(SolutionProperties) = preSolution
		HideSolutionNode = FALSE
	EndGlobalSection
EndGlobal
