
Microsoft Visual Studio Solution File, Format Version 9.00
# Visual Studio 2005
Project("{FAE04EC0-301F-11D3-BF4B-00C04F79EFBC}") = "NewBuffImport", "NewBuffImport\NewBuffImport.csproj", "{60907D6A-127E-4100-AD3A-4EE1300A6A4E}"
EndProject
Global
	GlobalSection(SolutionConfigurationPlatforms) = preSolution
		Debug|Any CPU = Debug|Any CPU
		Release|Any CPU = Release|Any CPU
	EndGlobalSection
	GlobalSection(ProjectConfigurationPlatforms) = postSolution
		{60907D6A-127E-4100-AD3A-4EE1300A6A4E}.Debug|Any CPU.ActiveCfg = Debug|Any CPU
		{60907D6A-127E-4100-AD3A-4EE1300A6A4E}.Debug|Any CPU.Build.0 = Debug|Any CPU
		{60907D6A-127E-4100-AD3A-4EE1300A6A4E}.Release|Any CPU.ActiveCfg = Release|Any CPU
		{60907D6A-127E-4100-AD3A-4EE1300A6A4E}.Release|Any CPU.Build.0 = Release|Any CPU
	EndGlobalSection
	GlobalSection(SolutionProperties) = preSolution
		HideSolutionNode = FALSE
	EndGlobalSection
EndGlobal
