
Microsoft Visual Studio Solution File, Format Version 9.00
# Visual Studio 2005
Project("{FAE04EC0-301F-11D3-BF4B-00C04F79EFBC}") = "Fireball.Win32", "Fireball.Win32\Fireball.Win32.csproj", "{A72D738D-B07F-4920-B4E7-543D18967FBF}"
EndProject
Global
	GlobalSection(SolutionConfigurationPlatforms) = preSolution
		Debug|Any CPU = Debug|Any CPU
		Release|Any CPU = Release|Any CPU
	EndGlobalSection
	GlobalSection(ProjectConfigurationPlatforms) = postSolution
		{A72D738D-B07F-4920-B4E7-543D18967FBF}.Debug|Any CPU.ActiveCfg = Debug|Any CPU
		{A72D738D-B07F-4920-B4E7-543D18967FBF}.Debug|Any CPU.Build.0 = Debug|Any CPU
		{A72D738D-B07F-4920-B4E7-543D18967FBF}.Release|Any CPU.ActiveCfg = Release|Any CPU
		{A72D738D-B07F-4920-B4E7-543D18967FBF}.Release|Any CPU.Build.0 = Release|Any CPU
	EndGlobalSection
	GlobalSection(SolutionProperties) = preSolution
		HideSolutionNode = FALSE
	EndGlobalSection
EndGlobal
