<?xml version="1.0" encoding="utf-8"?>
<Project ToolsVersion="4.0" xmlns="http://schemas.microsoft.com/developer/msbuild/2003">
  <ItemGroup>
    <Filter Include="Source Files">
      <UniqueIdentifier>{4FC737F1-C7A5-4376-A066-2A32D752A2FF}</UniqueIdentifier>
      <Extensions>cpp;c;cc;cxx;def;odl;idl;hpj;bat;asm;asmx</Extensions>
    </Filter>
    <Filter Include="Header Files">
      <UniqueIdentifier>{93995380-89BD-4b04-88EB-625FBE52EBFB}</UniqueIdentifier>
      <Extensions>h;hpp;hxx;hm;inl;inc;xsd</Extensions>
    </Filter>
    <Filter Include="Resource Files">
      <UniqueIdentifier>{67DA6AB6-F800-4c08-8B7A-83BB121AAD01}</UniqueIdentifier>
      <Extensions>rc;ico;cur;bmp;dlg;rc2;rct;bin;rgs;gif;jpg;jpeg;jpe;resx;tiff;tif;png;wav</Extensions>
    </Filter>
  </ItemGroup>
  <ItemGroup>
    <ClCompile Include="KG_BitmapButton.cpp">
      <Filter>Source Files</Filter>
    </ClCompile>
    <ClCompile Include="KG_JX3LauncherApp.cpp">
      <Filter>Source Files</Filter>
    </ClCompile>
    <ClCompile Include="KG_JX3LauncherDlg.cpp">
      <Filter>Source Files</Filter>
    </ClCompile>
    <ClCompile Include="KG_StaticText.cpp">
      <Filter>Source Files</Filter>
    </ClCompile>
    <ClCompile Include="KGLog.cpp">
      <Filter>Source Files</Filter>
    </ClCompile>
    <ClCompile Include="stdafx.cpp">
      <Filter>Source Files</Filter>
    </ClCompile>
  </ItemGroup>
  <ItemGroup>
    <ClInclude Include="KG_BitmapButton.h">
      <Filter>Header Files</Filter>
    </ClInclude>
    <ClInclude Include="KG_JX3LauncherApp.h">
      <Filter>Header Files</Filter>
    </ClInclude>
    <ClInclude Include="KG_JX3LauncherDlg.h">
      <Filter>Header Files</Filter>
    </ClInclude>
    <ClInclude Include="KG_StaticText.h">
      <Filter>Header Files</Filter>
    </ClInclude>
    <ClInclude Include="KGLog.h">
      <Filter>Header Files</Filter>
    </ClInclude>
    <ClInclude Include="KGPublic.h">
      <Filter>Header Files</Filter>
    </ClInclude>
    <ClInclude Include="Resource.h">
      <Filter>Header Files</Filter>
    </ClInclude>
    <ClInclude Include="stdafx.h">
      <Filter>Header Files</Filter>
    </ClInclude>
  </ItemGroup>
  <ItemGroup>
    <None Include="res\background_bottom.bmp">
      <Filter>Resource Files</Filter>
    </None>
    <None Include="res\background_middle.bmp">
      <Filter>Resource Files</Filter>
    </None>
    <None Include="res\background_top.bmp">
      <Filter>Resource Files</Filter>
    </None>
    <None Include="res\JX3Launcher.ico">
      <Filter>Resource Files</Filter>
    </None>
    <None Include="res\JX3Launcher.rc2">
      <Filter>Resource Files</Filter>
    </None>
    <None Include="res\launch_button_disable.bmp">
      <Filter>Resource Files</Filter>
    </None>
    <None Include="res\launch_button_down.bmp">
      <Filter>Resource Files</Filter>
    </None>
    <None Include="res\launch_button_normal.bmp">
      <Filter>Resource Files</Filter>
    </None>
    <None Include="res\launch_button_over.bmp">
      <Filter>Resource Files</Filter>
    </None>
    <None Include="res\quit_button_disable.bmp">
      <Filter>Resource Files</Filter>
    </None>
    <None Include="res\quit_button_down.bmp">
      <Filter>Resource Files</Filter>
    </None>
    <None Include="res\quit_button_normal.bmp">
      <Filter>Resource Files</Filter>
    </None>
    <None Include="res\quit_button_over.bmp">
      <Filter>Resource Files</Filter>
    </None>
  </ItemGroup>
  <ItemGroup>
    <ResourceCompile Include="JX3Launcher.rc">
      <Filter>Resource Files</Filter>
    </ResourceCompile>
  </ItemGroup>
</Project>