
Microsoft Visual Studio Solution File, Format Version 9.00
# Visual Studio 2005
Project("{FAE04EC0-301F-11D3-BF4B-00C04F79EFBC}") = "CreateAICustomFunction", "CreateAICustomFunction\CreateAICustomFunction.csproj", "{21A5EF4B-A011-4A40-8B17-CD7BA767E003}"
EndProject
Global
	GlobalSection(SolutionConfigurationPlatforms) = preSolution
		Debug|Any CPU = Debug|Any CPU
		Release|Any CPU = Release|Any CPU
	EndGlobalSection
	GlobalSection(ProjectConfigurationPlatforms) = postSolution
		{21A5EF4B-A011-4A40-8B17-CD7BA767E003}.Debug|Any CPU.ActiveCfg = Debug|Any CPU
		{21A5EF4B-A011-4A40-8B17-CD7BA767E003}.Debug|Any CPU.Build.0 = Debug|Any CPU
		{21A5EF4B-A011-4A40-8B17-CD7BA767E003}.Release|Any CPU.ActiveCfg = Release|Any CPU
		{21A5EF4B-A011-4A40-8B17-CD7BA767E003}.Release|Any CPU.Build.0 = Release|Any CPU
	EndGlobalSection
	GlobalSection(SolutionProperties) = preSolution
		HideSolutionNode = FALSE
	EndGlobalSection
EndGlobal
