<?xml version="1.0" encoding="utf-8"?>
<Project ToolsVersion="4.0" xmlns="http://schemas.microsoft.com/developer/msbuild/2003">
  <ItemGroup>
    <Filter Include="Source Files">
      <UniqueIdentifier>{afb29c0f-9690-4630-b7cb-a6470a25640d}</UniqueIdentifier>
      <Extensions>cpp;c;cxx;rc;def;r;odl;idl;hpj;bat</Extensions>
    </Filter>
    <Filter Include="Header Files">
      <UniqueIdentifier>{112eec4b-d494-4d0d-8ddf-df48244b06ee}</UniqueIdentifier>
      <Extensions>h;hpp;hxx;hm;inl</Extensions>
    </Filter>
    <Filter Include="Resource Files">
      <UniqueIdentifier>{95ec0a74-14c7-45c3-af36-0185b80baa86}</UniqueIdentifier>
      <Extensions>ico;cur;bmp;dlg;rc2;rct;bin;rgs;gif;jpg;jpeg;jpe</Extensions>
    </Filter>
    <Filter Include="FileOperation">
      <UniqueIdentifier>{58cc793f-602c-40da-9b33-64b8e94e67fd}</UniqueIdentifier>
    </Filter>
    <Filter Include="UI">
      <UniqueIdentifier>{883d0eb9-7caa-481b-ac2e-ea58e1dd18e9}</UniqueIdentifier>
    </Filter>
  </ItemGroup>
  <ItemGroup>
    <ClCompile Include="_frmframe.cpp">
      <Filter>Source Files</Filter>
    </ClCompile>
    <ClCompile Include="Camera.cpp">
      <Filter>Source Files</Filter>
    </ClCompile>
    <ClCompile Include="ChildFrm.cpp">
      <Filter>Source Files</Filter>
    </ClCompile>
    <ClCompile Include="CntrItem.cpp">
      <Filter>Source Files</Filter>
    </ClCompile>
    <ClCompile Include="DataObject.cpp">
      <Filter>Source Files</Filter>
    </ClCompile>
    <ClCompile Include="DLG_GroundTool.cpp">
      <Filter>Source Files</Filter>
    </ClCompile>
    <ClCompile Include="DLG_MainTool.cpp">
      <Filter>Source Files</Filter>
    </ClCompile>
    <ClCompile Include="GraphiceEngine.cpp">
      <Filter>Source Files</Filter>
    </ClCompile>
    <ClCompile Include="GraphicTool.cpp">
      <Filter>Source Files</Filter>
    </ClCompile>
    <ClCompile Include="KColorButton.cpp">
      <Filter>Source Files</Filter>
    </ClCompile>
    <ClCompile Include="KDlg_Mesh.cpp">
      <Filter>Source Files</Filter>
    </ClCompile>
    <ClCompile Include="KDlg_MeshBasePropage.cpp">
      <Filter>Source Files</Filter>
    </ClCompile>
    <ClCompile Include="KDlg_PorItem_STLString.cpp">
      <Filter>Source Files</Filter>
    </ClCompile>
    <ClCompile Include="KDlg_ProItem_Ani.cpp">
      <Filter>Source Files</Filter>
    </ClCompile>
    <ClCompile Include="KDlg_ProItem_Color.cpp">
      <Filter>Source Files</Filter>
    </ClCompile>
    <ClCompile Include="KDlg_ProItem_Enum.cpp">
      <Filter>Source Files</Filter>
    </ClCompile>
    <ClCompile Include="KDlg_ProItem_Float.cpp">
      <Filter>Source Files</Filter>
    </ClCompile>
    <ClCompile Include="KDlg_ProItem_Int.cpp">
      <Filter>Source Files</Filter>
    </ClCompile>
    <ClCompile Include="KDlg_ProItem_MtlEffect.cpp">
      <Filter>Source Files</Filter>
    </ClCompile>
    <ClCompile Include="KDlg_ProItem_MtlList.cpp">
      <Filter>Source Files</Filter>
    </ClCompile>
    <ClCompile Include="KDlg_ProItem_MtlOption.cpp">
      <Filter>Source Files</Filter>
    </ClCompile>
    <ClCompile Include="KDlg_ProItem_MtlState.cpp">
      <Filter>Source Files</Filter>
    </ClCompile>
    <ClCompile Include="KDlg_ProItem_MtlTex.cpp">
      <Filter>Source Files</Filter>
    </ClCompile>
    <ClCompile Include="KDlg_ProItem_Particle.cpp">
      <Filter>Source Files</Filter>
    </ClCompile>
    <ClCompile Include="KDlg_ProItem_SceneObjects.cpp">
      <Filter>Source Files</Filter>
    </ClCompile>
    <ClCompile Include="KDlg_ProItem_SFXNew.cpp">
      <Filter>Source Files</Filter>
    </ClCompile>
    <ClCompile Include="KDlg_ProItem_String.cpp">
      <Filter>Source Files</Filter>
    </ClCompile>
    <ClCompile Include="KDlg_ProItem_Terrain_Ground_Texture.cpp">
      <Filter>Source Files</Filter>
    </ClCompile>
    <ClCompile Include="KDlg_ProItem_Vec3.cpp">
      <Filter>Source Files</Filter>
    </ClCompile>
    <ClCompile Include="KDlg_ProItemBase.cpp">
      <Filter>Source Files</Filter>
    </ClCompile>
    <ClCompile Include="KDlg_PropertyDialog.cpp">
      <Filter>Source Files</Filter>
    </ClCompile>
    <ClCompile Include="KDlg_PropertyPage.cpp">
      <Filter>Source Files</Filter>
    </ClCompile>
    <ClCompile Include="KDlg_SpeedTree.cpp">
      <Filter>Source Files</Filter>
    </ClCompile>
    <ClCompile Include="KEditorSettingDialog.cpp">
      <Filter>Source Files</Filter>
    </ClCompile>
    <ClCompile Include="KEditorSettingPageColor.cpp">
      <Filter>Source Files</Filter>
    </ClCompile>
    <ClCompile Include="KEditorSettingPageGeneral.cpp">
      <Filter>Source Files</Filter>
    </ClCompile>
    <ClCompile Include="KEditorSettingPageMapTest.cpp">
      <Filter>Source Files</Filter>
    </ClCompile>
    <ClCompile Include="KEditorSettingPageMusic.cpp">
      <Filter>Source Files</Filter>
    </ClCompile>
    <ClCompile Include="KEditorSettingPageVideo.cpp">
      <Filter>Source Files</Filter>
    </ClCompile>
    <ClCompile Include="KEditorSettingPageView.cpp">
      <Filter>Source Files</Filter>
    </ClCompile>
    <ClCompile Include="KEntity.cpp">
      <Filter>Source Files</Filter>
    </ClCompile>
    <ClCompile Include="KFileFinder.cpp">
      <Filter>Source Files</Filter>
    </ClCompile>
    <ClCompile Include="KModelEditorMaterialAlphaOperatorDialog.cpp">
      <Filter>Source Files</Filter>
    </ClCompile>
    <ClCompile Include="KModelSceneSFX.cpp">
      <Filter>Source Files</Filter>
    </ClCompile>
    <ClCompile Include="KModelSFXBillBoard.cpp">
      <Filter>Source Files</Filter>
    </ClCompile>
    <ClCompile Include="KModelSpeedTree.cpp">
      <Filter>Source Files</Filter>
    </ClCompile>
    <ClCompile Include="KModelSubd.cpp">
      <Filter>Source Files</Filter>
    </ClCompile>
    <ClCompile Include="KModelTerrainLOD.cpp">
      <Filter>Source Files</Filter>
    </ClCompile>
    <ClCompile Include="KModelWater.cpp">
      <Filter>Source Files</Filter>
    </ClCompile>
    <ClCompile Include="KMovieTexture.cpp">
      <Filter>Source Files</Filter>
    </ClCompile>
    <ClCompile Include="KObjectEditorDoc.cpp">
      <Filter>Source Files</Filter>
    </ClCompile>
    <ClCompile Include="KPhysicsSimulator.cpp">
      <Filter>Source Files</Filter>
    </ClCompile>
    <ClCompile Include="KRegion.cpp">
      <Filter>Source Files</Filter>
    </ClCompile>
    <ClCompile Include="KRepGirlNo1.cpp">
      <Filter>Source Files</Filter>
    </ClCompile>
    <ClCompile Include="KRepNPC.cpp">
      <Filter>Source Files</Filter>
    </ClCompile>
    <ClCompile Include="KRigidBody.cpp">
      <Filter>Source Files</Filter>
    </ClCompile>
    <ClCompile Include="KRigidBodyTable.cpp">
      <Filter>Source Files</Filter>
    </ClCompile>
    <ClCompile Include="KSceneEditBaseSelectDialog.cpp">
      <Filter>Source Files</Filter>
    </ClCompile>
    <ClCompile Include="KSceneModelEditorAnimationPanel.cpp">
      <Filter>Source Files</Filter>
    </ClCompile>
    <ClCompile Include="KSceneModelEditorFrameWnd.cpp">
      <Filter>Source Files</Filter>
    </ClCompile>
    <ClCompile Include="KSceneModelEditorMeshBindDialog.cpp">
      <Filter>Source Files</Filter>
    </ClCompile>
    <ClCompile Include="KSceneModelEditorMeshSocketSetDialog.cpp">
      <Filter>Source Files</Filter>
    </ClCompile>
    <ClCompile Include="KSceneModelEditorModelSaveDialog.cpp">
      <Filter>Source Files</Filter>
    </ClCompile>
    <ClCompile Include="KSceneModelEditorPanelView.cpp">
      <Filter>Source Files</Filter>
    </ClCompile>
    <ClCompile Include="KSceneModelEditorPropertyPageAnimation.cpp">
      <Filter>Source Files</Filter>
    </ClCompile>
    <ClCompile Include="KSceneModelEditorPropertyPageMaterial.cpp">
      <Filter>Source Files</Filter>
    </ClCompile>
    <ClCompile Include="KSceneModelEditorPropertyPageMesh.cpp">
      <Filter>Source Files</Filter>
    </ClCompile>
    <ClCompile Include="KSceneModelEditorPropertySheet.cpp">
      <Filter>Source Files</Filter>
    </ClCompile>
    <ClCompile Include="KSceneModelEditorSFXBillBoardDialog.cpp">
      <Filter>Source Files</Filter>
    </ClCompile>
    <ClCompile Include="KSceneModelEditorSFXBladeDialog.cpp">
      <Filter>Source Files</Filter>
    </ClCompile>
    <ClCompile Include="KSceneModelEditorSFXNewDialog.cpp">
      <Filter>Source Files</Filter>
    </ClCompile>
    <ClCompile Include="KSceneModelEditorSFXSceneSFXDialog.cpp">
      <Filter>Source Files</Filter>
    </ClCompile>
    <ClCompile Include="KSceneModelEditorSFXSpeedTreeDialog.cpp">
      <Filter>Source Files</Filter>
    </ClCompile>
    <ClCompile Include="KSceneModelEditorSword2CheckTool.cpp">
      <Filter>Source Files</Filter>
    </ClCompile>
    <ClCompile Include="KSceneObjectEditor.cpp">
      <Filter>Source Files</Filter>
    </ClCompile>
    <ClCompile Include="KSceneObjectEditorFrameWnd.cpp">
      <Filter>Source Files</Filter>
    </ClCompile>
    <ClCompile Include="KSceneObjectEditorPageModel.cpp">
      <Filter>Source Files</Filter>
    </ClCompile>
    <ClCompile Include="KSceneObjectEditorPanelView.cpp">
      <Filter>Source Files</Filter>
    </ClCompile>
    <ClCompile Include="KSceneObjectEditorPropertyPageBlock.cpp">
      <Filter>Source Files</Filter>
    </ClCompile>
    <ClCompile Include="KSceneObjectEditorPropertySheet.cpp">
      <Filter>Source Files</Filter>
    </ClCompile>
    <ClCompile Include="KSceneObjectEditorView.cpp">
      <Filter>Source Files</Filter>
    </ClCompile>
    <ClCompile Include="KSceneObjectEditorWizard.cpp">
      <Filter>Source Files</Filter>
    </ClCompile>
    <ClCompile Include="KSceneObjectFrame.cpp">
      <Filter>Source Files</Filter>
    </ClCompile>
    <ClCompile Include="KSceneSceneEditorDialogCamera.cpp">
      <Filter>Source Files</Filter>
    </ClCompile>
    <ClCompile Include="KSceneSceneEditorDialogDistrict.cpp">
      <Filter>Source Files</Filter>
    </ClCompile>
    <ClCompile Include="KSceneSceneEditorDialogGroundTextureMgr.cpp">
      <Filter>Source Files</Filter>
    </ClCompile>
    <ClCompile Include="KSceneSceneEditorDialogNewMapWizard.cpp">
      <Filter>Source Files</Filter>
    </ClCompile>
    <ClCompile Include="KSceneSceneEditorDialogObjectMgr.cpp">
      <Filter>Source Files</Filter>
    </ClCompile>
    <ClCompile Include="KSceneSceneEditorDialogOranment.cpp">
      <Filter>Source Files</Filter>
    </ClCompile>
    <ClCompile Include="KSceneSceneEditorDialogTerrian.cpp">
      <Filter>Source Files</Filter>
    </ClCompile>
    <ClCompile Include="KSceneSceneEditorDialogUnit.cpp">
      <Filter>Source Files</Filter>
    </ClCompile>
    <ClCompile Include="KSceneSceneEditorFrameWnd.cpp">
      <Filter>Source Files</Filter>
    </ClCompile>
    <ClCompile Include="KSceneSceneEditorObscaleDialog.cpp">
      <Filter>Source Files</Filter>
    </ClCompile>
    <ClCompile Include="KSceneSceneEditorPanelDialog.cpp">
      <Filter>Source Files</Filter>
    </ClCompile>
    <ClCompile Include="KSceneSceneEditorRadarView.cpp">
      <Filter>Source Files</Filter>
    </ClCompile>
    <ClCompile Include="KSceneSceneEditorUnitPreviewView.cpp">
      <Filter>Source Files</Filter>
    </ClCompile>
    <ClCompile Include="KSceneSwordTestWizard.cpp">
      <Filter>Source Files</Filter>
    </ClCompile>
    <ClCompile Include="MainFrm.cpp">
      <Filter>Source Files</Filter>
    </ClCompile>
    <ClCompile Include="Manager.cpp">
      <Filter>Source Files</Filter>
    </ClCompile>
    <ClCompile Include="MathTool.cpp">
      <Filter>Source Files</Filter>
    </ClCompile>
    <ClCompile Include="MeshBillBoard.cpp">
      <Filter>Source Files</Filter>
    </ClCompile>
    <ClCompile Include="MeshBlade.cpp">
      <Filter>Source Files</Filter>
    </ClCompile>
    <ClCompile Include="MeshButton.cpp">
      <Filter>Source Files</Filter>
    </ClCompile>
    <ClCompile Include="MeshColorPick.cpp">
      <Filter>Source Files</Filter>
    </ClCompile>
    <ClCompile Include="MeshComboBox.cpp">
      <Filter>Source Files</Filter>
    </ClCompile>
    <ClCompile Include="MeshEditCtrl.cpp">
      <Filter>Source Files</Filter>
    </ClCompile>
    <ClCompile Include="MeshEditorDoc.cpp">
      <Filter>Source Files</Filter>
    </ClCompile>
    <ClCompile Include="MeshEditorView.cpp">
      <Filter>Source Files</Filter>
    </ClCompile>
    <ClCompile Include="MeshFlare.cpp">
      <Filter>Source Files</Filter>
    </ClCompile>
    <ClCompile Include="MeshGlare.cpp">
      <Filter>Source Files</Filter>
    </ClCompile>
    <ClCompile Include="MeshGroup.cpp">
      <Filter>Source Files</Filter>
    </ClCompile>
    <ClCompile Include="MeshItem.cpp">
      <Filter>Source Files</Filter>
    </ClCompile>
    <ClCompile Include="MeshLineGrass.cpp">
      <Filter>Source Files</Filter>
    </ClCompile>
    <ClCompile Include="MeshListBox.cpp">
      <Filter>Source Files</Filter>
    </ClCompile>
    <ClCompile Include="MeshListCtrl.cpp">
      <Filter>Source Files</Filter>
    </ClCompile>
    <ClCompile Include="MeshMainTool.cpp">
      <Filter>Source Files</Filter>
    </ClCompile>
    <ClCompile Include="MeshMeshAnimation.cpp">
      <Filter>Source Files</Filter>
    </ClCompile>
    <ClCompile Include="MeshMeshMaterialTool.cpp">
      <Filter>Source Files</Filter>
    </ClCompile>
    <ClCompile Include="MeshMeshSelect.cpp">
      <Filter>Source Files</Filter>
    </ClCompile>
    <ClCompile Include="MeshMeshTool.cpp">
      <Filter>Source Files</Filter>
    </ClCompile>
    <ClCompile Include="MeshMoveGrid.cpp">
      <Filter>Source Files</Filter>
    </ClCompile>
    <ClCompile Include="MeshObjectTableTool.cpp">
      <Filter>Source Files</Filter>
    </ClCompile>
    <ClCompile Include="MeshParticleSystem.cpp">
      <Filter>Source Files</Filter>
    </ClCompile>
    <ClCompile Include="MeshPropertySet.cpp">
      <Filter>Source Files</Filter>
    </ClCompile>
    <ClCompile Include="MeshRotateGrid.cpp">
      <Filter>Source Files</Filter>
    </ClCompile>
    <ClCompile Include="MeshScreenSFX.cpp">
      <Filter>Source Files</Filter>
    </ClCompile>
    <ClCompile Include="MeshSkyBox.cpp">
      <Filter>Source Files</Filter>
    </ClCompile>
    <ClCompile Include="MeshSlideBar.cpp">
      <Filter>Source Files</Filter>
    </ClCompile>
    <ClCompile Include="MeshStrip.cpp">
      <Filter>Source Files</Filter>
    </ClCompile>
    <ClCompile Include="MeshTerran.cpp">
      <Filter>Source Files</Filter>
    </ClCompile>
    <ClCompile Include="MeshTreeCtrl.cpp">
      <Filter>Source Files</Filter>
    </ClCompile>
    <ClCompile Include="MeshWinBase.cpp">
      <Filter>Source Files</Filter>
    </ClCompile>
    <ClCompile Include="ObjectTable.cpp">
      <Filter>Source Files</Filter>
    </ClCompile>
    <ClCompile Include="Operation.cpp">
      <Filter>Source Files</Filter>
    </ClCompile>
    <ClCompile Include="ParticleSystem.cpp">
      <Filter>Source Files</Filter>
    </ClCompile>
    <ClCompile Include="ResourceManager.cpp">
      <Filter>Source Files</Filter>
    </ClCompile>
    <ClCompile Include="ResourceMgrEffect.cpp">
      <Filter>Source Files</Filter>
    </ClCompile>
    <ClCompile Include="RInterface.cpp">
      <Filter>Source Files</Filter>
    </ClCompile>
    <ClCompile Include="Scene.cpp">
      <Filter>Source Files</Filter>
    </ClCompile>
    <ClCompile Include="SceneEditBase.cpp">
      <Filter>Source Files</Filter>
    </ClCompile>
    <ClCompile Include="SceneEditor.cpp">
      <Filter>Source Files</Filter>
    </ClCompile>
    <ClCompile Include="SceneEditorDoc.cpp">
      <Filter>Source Files</Filter>
    </ClCompile>
    <ClCompile Include="SceneEditorView.cpp">
      <Filter>Source Files</Filter>
    </ClCompile>
    <ClCompile Include="SceneMeshEditor.cpp">
      <Filter>Source Files</Filter>
    </ClCompile>
    <ClCompile Include="SceneSkinEdit.cpp">
      <Filter>Source Files</Filter>
    </ClCompile>
    <ClCompile Include="SceneSwordTest.cpp">
      <Filter>Source Files</Filter>
    </ClCompile>
    <ClCompile Include="SceneTable.cpp">
      <Filter>Source Files</Filter>
    </ClCompile>
    <ClCompile Include="SFXBase.cpp">
      <Filter>Source Files</Filter>
    </ClCompile>
    <ClCompile Include="StdAfx.cpp">
      <Filter>Source Files</Filter>
    </ClCompile>
    <ClCompile Include="SwordTestDoc.cpp">
      <Filter>Source Files</Filter>
    </ClCompile>
    <ClCompile Include="SwordTestView.cpp">
      <Filter>Source Files</Filter>
    </ClCompile>
    <ClCompile Include="Texture.cpp">
      <Filter>Source Files</Filter>
    </ClCompile>
    <ClCompile Include="TextureTable.cpp">
      <Filter>Source Files</Filter>
    </ClCompile>
    <ClCompile Include="TimePoint.cpp">
      <Filter>Source Files</Filter>
    </ClCompile>
    <ClCompile Include="XMesh.cpp">
      <Filter>Source Files</Filter>
    </ClCompile>
    <ClCompile Include="XMeshTable.cpp">
      <Filter>Source Files</Filter>
    </ClCompile>
  </ItemGroup>
  <ItemGroup>
    <ResourceCompile Include="SceneEditor.rc">
      <Filter>Source Files</Filter>
    </ResourceCompile>
  </ItemGroup>
  <ItemGroup>
    <ClInclude Include="_frmframe.h">
      <Filter>Header Files</Filter>
    </ClInclude>
    <ClInclude Include="Camera.h">
      <Filter>Header Files</Filter>
    </ClInclude>
    <ClInclude Include="ChildFrm.h">
      <Filter>Header Files</Filter>
    </ClInclude>
    <ClInclude Include="CntrItem.h">
      <Filter>Header Files</Filter>
    </ClInclude>
    <ClInclude Include="DataObject.h">
      <Filter>Header Files</Filter>
    </ClInclude>
    <ClInclude Include="DLG_GroundTool.h">
      <Filter>Header Files</Filter>
    </ClInclude>
    <ClInclude Include="DLG_MainTool.h">
      <Filter>Header Files</Filter>
    </ClInclude>
    <ClInclude Include="DLLBase.h">
      <Filter>Header Files</Filter>
    </ClInclude>
    <ClInclude Include="GraphiceEngine.h">
      <Filter>Header Files</Filter>
    </ClInclude>
    <ClInclude Include="GraphicTool.h">
      <Filter>Header Files</Filter>
    </ClInclude>
    <ClInclude Include="IAudio.h">
      <Filter>Header Files</Filter>
    </ClInclude>
    <ClInclude Include="IAudioManager.h">
      <Filter>Header Files</Filter>
    </ClInclude>
    <ClInclude Include="IMusicApplication.h">
      <Filter>Header Files</Filter>
    </ClInclude>
    <ClInclude Include="KColorButton.h">
      <Filter>Header Files</Filter>
    </ClInclude>
    <ClInclude Include="KDlg_Mesh.h">
      <Filter>Header Files</Filter>
    </ClInclude>
    <ClInclude Include="KDlg_MeshBasePropage.h">
      <Filter>Header Files</Filter>
    </ClInclude>
    <ClInclude Include="KDlg_PorItem_STLString.h">
      <Filter>Header Files</Filter>
    </ClInclude>
    <ClInclude Include="KDlg_ProItem_Ani.h">
      <Filter>Header Files</Filter>
    </ClInclude>
    <ClInclude Include="KDlg_ProItem_Color.h">
      <Filter>Header Files</Filter>
    </ClInclude>
    <ClInclude Include="KDlg_ProItem_Enum.h">
      <Filter>Header Files</Filter>
    </ClInclude>
    <ClInclude Include="KDlg_ProItem_Float.h">
      <Filter>Header Files</Filter>
    </ClInclude>
    <ClInclude Include="KDlg_ProItem_Int.h">
      <Filter>Header Files</Filter>
    </ClInclude>
    <ClInclude Include="KDlg_ProItem_MtlEffect.h">
      <Filter>Header Files</Filter>
    </ClInclude>
    <ClInclude Include="KDlg_ProItem_MtlList.h">
      <Filter>Header Files</Filter>
    </ClInclude>
    <ClInclude Include="KDlg_ProItem_MtlOption.h">
      <Filter>Header Files</Filter>
    </ClInclude>
    <ClInclude Include="KDlg_ProItem_MtlState.h">
      <Filter>Header Files</Filter>
    </ClInclude>
    <ClInclude Include="KDlg_ProItem_MtlTex.h">
      <Filter>Header Files</Filter>
    </ClInclude>
    <ClInclude Include="KDlg_ProItem_Particle.h">
      <Filter>Header Files</Filter>
    </ClInclude>
    <ClInclude Include="KDlg_ProItem_SceneObjects.h">
      <Filter>Header Files</Filter>
    </ClInclude>
    <ClInclude Include="KDlg_ProItem_SFXNew.h">
      <Filter>Header Files</Filter>
    </ClInclude>
    <ClInclude Include="KDlg_ProItem_String.h">
      <Filter>Header Files</Filter>
    </ClInclude>
    <ClInclude Include="KDlg_ProItem_Terrain_Ground_Texture.h">
      <Filter>Header Files</Filter>
    </ClInclude>
    <ClInclude Include="KDlg_ProItem_Vec3.h">
      <Filter>Header Files</Filter>
    </ClInclude>
    <ClInclude Include="KDlg_ProItemBase.h">
      <Filter>Header Files</Filter>
    </ClInclude>
    <ClInclude Include="KDlg_PropertyDialog.h">
      <Filter>Header Files</Filter>
    </ClInclude>
    <ClInclude Include="KDlg_PropertyPage.h">
      <Filter>Header Files</Filter>
    </ClInclude>
    <ClInclude Include="KDlg_SpeedTree.h">
      <Filter>Header Files</Filter>
    </ClInclude>
    <ClInclude Include="KEditorSettingDialog.h">
      <Filter>Header Files</Filter>
    </ClInclude>
    <ClInclude Include="KEditorSettingPageColor.h">
      <Filter>Header Files</Filter>
    </ClInclude>
    <ClInclude Include="KEditorSettingPageGeneral.h">
      <Filter>Header Files</Filter>
    </ClInclude>
    <ClInclude Include="KEditorSettingPageMapTest.h">
      <Filter>Header Files</Filter>
    </ClInclude>
    <ClInclude Include="KEditorSettingPageMusic.h">
      <Filter>Header Files</Filter>
    </ClInclude>
    <ClInclude Include="KEditorSettingPageVideo.h">
      <Filter>Header Files</Filter>
    </ClInclude>
    <ClInclude Include="KEditorSettingPageView.h">
      <Filter>Header Files</Filter>
    </ClInclude>
    <ClInclude Include="KEntity.h">
      <Filter>Header Files</Filter>
    </ClInclude>
    <ClInclude Include="KFileFinder.h">
      <Filter>Header Files</Filter>
    </ClInclude>
    <ClInclude Include="KModelEditorMaterialAlphaOperatorDialog.h">
      <Filter>Header Files</Filter>
    </ClInclude>
    <ClInclude Include="KModelSceneSFX.h">
      <Filter>Header Files</Filter>
    </ClInclude>
    <ClInclude Include="KModelSFXBillBoard.h">
      <Filter>Header Files</Filter>
    </ClInclude>
    <ClInclude Include="KModelSpeedTree.h">
      <Filter>Header Files</Filter>
    </ClInclude>
    <ClInclude Include="KModelSubd.h">
      <Filter>Header Files</Filter>
    </ClInclude>
    <ClInclude Include="KModelTerrainLOD.h">
      <Filter>Header Files</Filter>
    </ClInclude>
    <ClInclude Include="KModelWater.h">
      <Filter>Header Files</Filter>
    </ClInclude>
    <ClInclude Include="KMovieTexture.h">
      <Filter>Header Files</Filter>
    </ClInclude>
    <ClInclude Include="KObjectEditorDoc.h">
      <Filter>Header Files</Filter>
    </ClInclude>
    <ClInclude Include="KPhysicsSimulator.h">
      <Filter>Header Files</Filter>
    </ClInclude>
    <ClInclude Include="KRegion.h">
      <Filter>Header Files</Filter>
    </ClInclude>
    <ClInclude Include="KRepGirlNo1.h">
      <Filter>Header Files</Filter>
    </ClInclude>
    <ClInclude Include="KRepNPC.h">
      <Filter>Header Files</Filter>
    </ClInclude>
    <ClInclude Include="KRigidBody.h">
      <Filter>Header Files</Filter>
    </ClInclude>
    <ClInclude Include="KRigidBodyTable.h">
      <Filter>Header Files</Filter>
    </ClInclude>
    <ClInclude Include="KSceneEditBaseSelectDialog.h">
      <Filter>Header Files</Filter>
    </ClInclude>
    <ClInclude Include="KSceneModelEditorAnimationPanel.h">
      <Filter>Header Files</Filter>
    </ClInclude>
    <ClInclude Include="KSceneModelEditorFrameWnd.h">
      <Filter>Header Files</Filter>
    </ClInclude>
    <ClInclude Include="KSceneModelEditorMeshBindDialog.h">
      <Filter>Header Files</Filter>
    </ClInclude>
    <ClInclude Include="KSceneModelEditorMeshSocketSetDialog.h">
      <Filter>Header Files</Filter>
    </ClInclude>
    <ClInclude Include="KSceneModelEditorModelSaveDialog.h">
      <Filter>Header Files</Filter>
    </ClInclude>
    <ClInclude Include="KSceneModelEditorPanelView.h">
      <Filter>Header Files</Filter>
    </ClInclude>
    <ClInclude Include="KSceneModelEditorPropertyPageAnimation.h">
      <Filter>Header Files</Filter>
    </ClInclude>
    <ClInclude Include="KSceneModelEditorPropertyPageMaterial.h">
      <Filter>Header Files</Filter>
    </ClInclude>
    <ClInclude Include="KSceneModelEditorPropertyPageMesh.h">
      <Filter>Header Files</Filter>
    </ClInclude>
    <ClInclude Include="KSceneModelEditorPropertySheet.h">
      <Filter>Header Files</Filter>
    </ClInclude>
    <ClInclude Include="KSceneModelEditorSFXBillBoardDialog.h">
      <Filter>Header Files</Filter>
    </ClInclude>
    <ClInclude Include="KSceneModelEditorSFXBladeDialog.h">
      <Filter>Header Files</Filter>
    </ClInclude>
    <ClInclude Include="KSceneModelEditorSFXNewDialog.h">
      <Filter>Header Files</Filter>
    </ClInclude>
    <ClInclude Include="KSceneModelEditorSFXSceneSFXDialog.h">
      <Filter>Header Files</Filter>
    </ClInclude>
    <ClInclude Include="KSceneModelEditorSFXSpeedTreeDialog.h">
      <Filter>Header Files</Filter>
    </ClInclude>
    <ClInclude Include="KSceneModelEditorSword2CheckTool.h">
      <Filter>Header Files</Filter>
    </ClInclude>
    <ClInclude Include="KSceneObjectEditor.h">
      <Filter>Header Files</Filter>
    </ClInclude>
    <ClInclude Include="KSceneObjectEditorFrameWnd.h">
      <Filter>Header Files</Filter>
    </ClInclude>
    <ClInclude Include="KSceneObjectEditorPageModel.h">
      <Filter>Header Files</Filter>
    </ClInclude>
    <ClInclude Include="KSceneObjectEditorPanelView.h">
      <Filter>Header Files</Filter>
    </ClInclude>
    <ClInclude Include="KSceneObjectEditorPropertyPageBlock.h">
      <Filter>Header Files</Filter>
    </ClInclude>
    <ClInclude Include="KSceneObjectEditorPropertySheet.h">
      <Filter>Header Files</Filter>
    </ClInclude>
    <ClInclude Include="KSceneObjectEditorView.h">
      <Filter>Header Files</Filter>
    </ClInclude>
    <ClInclude Include="KSceneObjectEditorWizard.h">
      <Filter>Header Files</Filter>
    </ClInclude>
    <ClInclude Include="KSceneObjectFrame.h">
      <Filter>Header Files</Filter>
    </ClInclude>
    <ClInclude Include="KSceneSceneEditorDialogCamera.h">
      <Filter>Header Files</Filter>
    </ClInclude>
    <ClInclude Include="KSceneSceneEditorDialogDistrict.h">
      <Filter>Header Files</Filter>
    </ClInclude>
    <ClInclude Include="KSceneSceneEditorDialogGroundTextureMgr.h">
      <Filter>Header Files</Filter>
    </ClInclude>
    <ClInclude Include="KSceneSceneEditorDialogNewMapWizard.h">
      <Filter>Header Files</Filter>
    </ClInclude>
    <ClInclude Include="KSceneSceneEditorDialogObjectMgr.h">
      <Filter>Header Files</Filter>
    </ClInclude>
    <ClInclude Include="KSceneSceneEditorDialogOranment.h">
      <Filter>Header Files</Filter>
    </ClInclude>
    <ClInclude Include="KSceneSceneEditorDialogTerrian.h">
      <Filter>Header Files</Filter>
    </ClInclude>
    <ClInclude Include="KSceneSceneEditorDialogUnit.h">
      <Filter>Header Files</Filter>
    </ClInclude>
    <ClInclude Include="KSceneSceneEditorFrameWnd.h">
      <Filter>Header Files</Filter>
    </ClInclude>
    <ClInclude Include="KSceneSceneEditorObscaleDialog.h">
      <Filter>Header Files</Filter>
    </ClInclude>
    <ClInclude Include="KSceneSceneEditorPanelDialog.h">
      <Filter>Header Files</Filter>
    </ClInclude>
    <ClInclude Include="KSceneSceneEditorRadarView.h">
      <Filter>Header Files</Filter>
    </ClInclude>
    <ClInclude Include="KSceneSceneEditorUnitPreviewView.h">
      <Filter>Header Files</Filter>
    </ClInclude>
    <ClInclude Include="KSceneSwordTestWizard.h">
      <Filter>Header Files</Filter>
    </ClInclude>
    <ClInclude Include="MainFrm.h">
      <Filter>Header Files</Filter>
    </ClInclude>
    <ClInclude Include="Manager.h">
      <Filter>Header Files</Filter>
    </ClInclude>
    <ClInclude Include="MathTool.h">
      <Filter>Header Files</Filter>
    </ClInclude>
    <ClInclude Include="MeshBillBoard.h">
      <Filter>Header Files</Filter>
    </ClInclude>
    <ClInclude Include="MeshBlade.h">
      <Filter>Header Files</Filter>
    </ClInclude>
    <ClInclude Include="MeshButton.h">
      <Filter>Header Files</Filter>
    </ClInclude>
    <ClInclude Include="MeshColorPick.h">
      <Filter>Header Files</Filter>
    </ClInclude>
    <ClInclude Include="MeshComboBox.h">
      <Filter>Header Files</Filter>
    </ClInclude>
    <ClInclude Include="MeshEditCtrl.h">
      <Filter>Header Files</Filter>
    </ClInclude>
    <ClInclude Include="MeshEditorDoc.h">
      <Filter>Header Files</Filter>
    </ClInclude>
    <ClInclude Include="MeshEditorView.h">
      <Filter>Header Files</Filter>
    </ClInclude>
    <ClInclude Include="MeshFlare.h">
      <Filter>Header Files</Filter>
    </ClInclude>
    <ClInclude Include="MeshGlare.h">
      <Filter>Header Files</Filter>
    </ClInclude>
    <ClInclude Include="MeshGroup.h">
      <Filter>Header Files</Filter>
    </ClInclude>
    <ClInclude Include="MeshItem.h">
      <Filter>Header Files</Filter>
    </ClInclude>
    <ClInclude Include="MeshLineGrass.h">
      <Filter>Header Files</Filter>
    </ClInclude>
    <ClInclude Include="MeshListBox.h">
      <Filter>Header Files</Filter>
    </ClInclude>
    <ClInclude Include="MeshListCtrl.h">
      <Filter>Header Files</Filter>
    </ClInclude>
    <ClInclude Include="MeshMainTool.h">
      <Filter>Header Files</Filter>
    </ClInclude>
    <ClInclude Include="MeshMeshAnimation.h">
      <Filter>Header Files</Filter>
    </ClInclude>
    <ClInclude Include="MeshMeshMaterialTool.h">
      <Filter>Header Files</Filter>
    </ClInclude>
    <ClInclude Include="MeshMeshSelect.h">
      <Filter>Header Files</Filter>
    </ClInclude>
    <ClInclude Include="MeshMeshTool.h">
      <Filter>Header Files</Filter>
    </ClInclude>
    <ClInclude Include="MeshMoveGrid.h">
      <Filter>Header Files</Filter>
    </ClInclude>
    <ClInclude Include="MeshObjectTableTool.h">
      <Filter>Header Files</Filter>
    </ClInclude>
    <ClInclude Include="MeshParticleSystem.h">
      <Filter>Header Files</Filter>
    </ClInclude>
    <ClInclude Include="MeshPropertySet.h">
      <Filter>Header Files</Filter>
    </ClInclude>
    <ClInclude Include="MeshRotateGrid.h">
      <Filter>Header Files</Filter>
    </ClInclude>
    <ClInclude Include="MeshScreenSFX.h">
      <Filter>Header Files</Filter>
    </ClInclude>
    <ClInclude Include="MeshSkyBox.h">
      <Filter>Header Files</Filter>
    </ClInclude>
    <ClInclude Include="MeshSlideBar.h">
      <Filter>Header Files</Filter>
    </ClInclude>
    <ClInclude Include="MeshStrip.h">
      <Filter>Header Files</Filter>
    </ClInclude>
    <ClInclude Include="MeshTerran.h">
      <Filter>Header Files</Filter>
    </ClInclude>
    <ClInclude Include="MeshTreeCtrl.h">
      <Filter>Header Files</Filter>
    </ClInclude>
    <ClInclude Include="MeshWinBase.h">
      <Filter>Header Files</Filter>
    </ClInclude>
    <ClInclude Include="MusicApplication.h">
      <Filter>Header Files</Filter>
    </ClInclude>
    <ClInclude Include="ObjectTable.h">
      <Filter>Header Files</Filter>
    </ClInclude>
    <ClInclude Include="Operation.h">
      <Filter>Header Files</Filter>
    </ClInclude>
    <ClInclude Include="ParticleSystem.h">
      <Filter>Header Files</Filter>
    </ClInclude>
    <ClInclude Include="Resource.h">
      <Filter>Header Files</Filter>
    </ClInclude>
    <ClInclude Include="ResourceManager.h">
      <Filter>Header Files</Filter>
    </ClInclude>
    <ClInclude Include="ResourceMgrEffect.h">
      <Filter>Header Files</Filter>
    </ClInclude>
    <ClInclude Include="RInterface.h">
      <Filter>Header Files</Filter>
    </ClInclude>
    <ClInclude Include="Scene.h">
      <Filter>Header Files</Filter>
    </ClInclude>
    <ClInclude Include="SceneEditBase.h">
      <Filter>Header Files</Filter>
    </ClInclude>
    <ClInclude Include="SceneEditor.h">
      <Filter>Header Files</Filter>
    </ClInclude>
    <ClInclude Include="SceneEditorDoc.h">
      <Filter>Header Files</Filter>
    </ClInclude>
    <ClInclude Include="SceneEditorView.h">
      <Filter>Header Files</Filter>
    </ClInclude>
    <ClInclude Include="SceneMeshEditor.h">
      <Filter>Header Files</Filter>
    </ClInclude>
    <ClInclude Include="SceneSkinEdit.h">
      <Filter>Header Files</Filter>
    </ClInclude>
    <ClInclude Include="SceneSwordTest.h">
      <Filter>Header Files</Filter>
    </ClInclude>
    <ClInclude Include="SceneTable.h">
      <Filter>Header Files</Filter>
    </ClInclude>
    <ClInclude Include="SFXBase.h">
      <Filter>Header Files</Filter>
    </ClInclude>
    <ClInclude Include="StdAfx.h">
      <Filter>Header Files</Filter>
    </ClInclude>
    <ClInclude Include="structs.h">
      <Filter>Header Files</Filter>
    </ClInclude>
    <ClInclude Include="SwordTestDoc.h">
      <Filter>Header Files</Filter>
    </ClInclude>
    <ClInclude Include="SwordTestView.h">
      <Filter>Header Files</Filter>
    </ClInclude>
    <ClInclude Include="Texture.h">
      <Filter>Header Files</Filter>
    </ClInclude>
    <ClInclude Include="TextureTable.h">
      <Filter>Header Files</Filter>
    </ClInclude>
    <ClInclude Include="TimePoint.h">
      <Filter>Header Files</Filter>
    </ClInclude>
    <ClInclude Include="Types.h">
      <Filter>Header Files</Filter>
    </ClInclude>
    <ClInclude Include="XMesh.h">
      <Filter>Header Files</Filter>
    </ClInclude>
    <ClInclude Include="XMeshTable.h">
      <Filter>Header Files</Filter>
    </ClInclude>
    <ClInclude Include="Public\KIniFile.h">
      <Filter>FileOperation</Filter>
    </ClInclude>
  </ItemGroup>
  <ItemGroup>
    <CustomBuild Include="res\bitmap1.bmp">
      <Filter>Resource Files</Filter>
    </CustomBuild>
    <CustomBuild Include="res\bitmap2.bmp">
      <Filter>Resource Files</Filter>
    </CustomBuild>
    <CustomBuild Include="res\bitmap3.bmp">
      <Filter>Resource Files</Filter>
    </CustomBuild>
    <CustomBuild Include="res\bitmap_o.bmp">
      <Filter>Resource Files</Filter>
    </CustomBuild>
    <CustomBuild Include="res\bitmapDrop.bmp">
      <Filter>Resource Files</Filter>
    </CustomBuild>
    <CustomBuild Include="res\bitmaproll.bmp">
      <Filter>Resource Files</Filter>
    </CustomBuild>
    <CustomBuild Include="res\bmp00001.bmp">
      <Filter>Resource Files</Filter>
    </CustomBuild>
    <CustomBuild Include="res\bmp00002.bmp">
      <Filter>Resource Files</Filter>
    </CustomBuild>
    <CustomBuild Include="res\bmp00003.bmp">
      <Filter>Resource Files</Filter>
    </CustomBuild>
    <CustomBuild Include="res\cur00001.cur">
      <Filter>Resource Files</Filter>
    </CustomBuild>
    <CustomBuild Include="res\cursor1.cur">
      <Filter>Resource Files</Filter>
    </CustomBuild>
    <CustomBuild Include="res\cursor2.cur">
      <Filter>Resource Files</Filter>
    </CustomBuild>
    <CustomBuild Include="res\icon1.ico">
      <Filter>Resource Files</Filter>
    </CustomBuild>
    <CustomBuild Include="res\mainfram.bmp">
      <Filter>Resource Files</Filter>
    </CustomBuild>
    <CustomBuild Include="res\maintool.bmp">
      <Filter>Resource Files</Filter>
    </CustomBuild>
    <CustomBuild Include="mdi.ico">
      <Filter>Resource Files</Filter>
    </CustomBuild>
    <CustomBuild Include="res\SceneEditor.ico">
      <Filter>Resource Files</Filter>
    </CustomBuild>
    <CustomBuild Include="res\SceneEditor.rc2">
      <Filter>Resource Files</Filter>
    </CustomBuild>
    <CustomBuild Include="res\SceneEditorDoc.ico">
      <Filter>Resource Files</Filter>
    </CustomBuild>
    <CustomBuild Include="res\Toolbar.bmp">
      <Filter>Resource Files</Filter>
    </CustomBuild>
    <CustomBuild Include="ReadMe.txt" />
  </ItemGroup>
</Project>