
Microsoft Visual Studio Solution File, Format Version 9.00
# Visual Studio 2005
Project("{FAE04EC0-301F-11D3-BF4B-00C04F79EFBC}") = "MasterIO", "MasterIO\MasterIO.csproj", "{5B07781C-9523-4FA8-B903-981581876BC2}"
EndProject
Global
	GlobalSection(SolutionConfigurationPlatforms) = preSolution
		Debug|Any CPU = Debug|Any CPU
		Release|Any CPU = Release|Any CPU
	EndGlobalSection
	GlobalSection(ProjectConfigurationPlatforms) = postSolution
		{5B07781C-9523-4FA8-B903-981581876BC2}.Debug|Any CPU.ActiveCfg = Debug|Any CPU
		{5B07781C-9523-4FA8-B903-981581876BC2}.Debug|Any CPU.Build.0 = Debug|Any CPU
		{5B07781C-9523-4FA8-B903-981581876BC2}.Release|Any CPU.ActiveCfg = Release|Any CPU
		{5B07781C-9523-4FA8-B903-981581876BC2}.Release|Any CPU.Build.0 = Release|Any CPU
	EndGlobalSection
	GlobalSection(SolutionProperties) = preSolution
		HideSolutionNode = FALSE
	EndGlobalSection
EndGlobal
