
Microsoft Visual Studio Solution File, Format Version 9.00
# Visual Studio 2005
Project("{8BC9CEB8-8B4A-11D0-8D11-00A0C91BC942}") = "kegame", "kegame.vcproj", "{2302662C-33B8-470A-B8FE-AB8C8D8E928C}"
EndProject
Global
	GlobalSection(SolutionConfigurationPlatforms) = preSolution
		Debug|Win32 = Debug|Win32
		Release|Win32 = Release|Win32
	EndGlobalSection
	GlobalSection(ProjectConfigurationPlatforms) = postSolution
		{2302662C-33B8-470A-B8FE-AB8C8D8E928C}.Debug|Win32.ActiveCfg = Debug|Win32
		{2302662C-33B8-470A-B8FE-AB8C8D8E928C}.Debug|Win32.Build.0 = Debug|Win32
		{2302662C-33B8-470A-B8FE-AB8C8D8E928C}.Release|Win32.ActiveCfg = Release|Win32
		{2302662C-33B8-470A-B8FE-AB8C8D8E928C}.Release|Win32.Build.0 = Release|Win32
	EndGlobalSection
	GlobalSection(SolutionProperties) = preSolution
		HideSolutionNode = FALSE
	EndGlobalSection
EndGlobal
