
Microsoft Visual Studio Solution File, Format Version 9.00
# Visual Studio 2005
Project("{8BC9CEB8-8B4A-11D0-8D11-00A0C91BC942}") = "SO3Client", "SO3Client.vcproj", "{6ED602CC-8842-4490-8FF5-37E4C074B920}"
EndProject
Project("{8BC9CEB8-8B4A-11D0-8D11-00A0C91BC942}") = "SO3UI", "..\SO3UI\SO3UI.vcproj", "{AA3703A5-5BA1-4458-897C-6980D372C21F}"
EndProject
Project("{8BC9CEB8-8B4A-11D0-8D11-00A0C91BC942}") = "SO3Interaction", "..\SO3Interaction\SO3Interaction.vcproj", "{26028364-1422-4B86-8F66-F0EF03CA68DE}"
EndProject
Project("{8BC9CEB8-8B4A-11D0-8D11-00A0C91BC942}") = "CheckGameCheatLib", "..\CheckGameCheatLib\CheckGameCheatLib.vcproj", "{486229C4-BD28-44CE-A4CF-3D07321EBFB7}"
EndProject
Project("{8BC9CEB8-8B4A-11D0-8D11-00A0C91BC942}") = "SO3Represent", "..\..\Common\SO3Represent\SO3Represent.vcproj", "{112978B9-E73B-4848-9C47-C34DA99949A0}"
EndProject
Project("{8BC9CEB8-8B4A-11D0-8D11-00A0C91BC942}") = "SO3World", "..\..\Common\SO3World\SO3World.vcproj", "{D9F789A3-547C-4FA2-A443-A0EF6F89375F}"
EndProject
Project("{8BC9CEB8-8B4A-11D0-8D11-00A0C91BC942}") = "KG3DEngine", "..\..\KG3DEngine\KG3DEngine\KG3DEngine.vcproj", "{90AF2153-D437-4727-BDAA-A324DF7E39E8}"
EndProject
Project("{8BC9CEB8-8B4A-11D0-8D11-00A0C91BC942}") = "KGUI", "..\..\KGUI\KGUI.vcproj", "{B4477EB4-3176-4B7F-A1CB-8839CC8E28D1}"
EndProject
Project("{8BC9CEB8-8B4A-11D0-8D11-00A0C91BC942}") = "asciiexp", "..\..\Tools\KingSoft 3DMax Export Plug\asciiexp.vcproj", "{F19B166E-3E49-4AF7-BD09-A4FE7D5F7F91}"
EndProject
Global
	GlobalSection(SolutionConfigurationPlatforms) = preSolution
		Debug_AutoTest|Win32 = Debug_AutoTest|Win32
		Debug_Client|Win32 = Debug_Client|Win32
		Debug_DevTest|Win32 = Debug_DevTest|Win32
		Debug_Server|Win32 = Debug_Server|Win32
		Debug|Win32 = Debug|Win32
		Hybrid|Win32 = Hybrid|Win32
		Release_AutoTest|Win32 = Release_AutoTest|Win32
		Release_Client|Win32 = Release_Client|Win32
		Release_DevTest|Win32 = Release_DevTest|Win32
		Release_Server|Win32 = Release_Server|Win32
		Release|Win32 = Release|Win32
	EndGlobalSection
	GlobalSection(ProjectConfigurationPlatforms) = postSolution
		{6ED602CC-8842-4490-8FF5-37E4C074B920}.Debug_AutoTest|Win32.ActiveCfg = Debug|Win32
		{6ED602CC-8842-4490-8FF5-37E4C074B920}.Debug_AutoTest|Win32.Build.0 = Debug|Win32
		{6ED602CC-8842-4490-8FF5-37E4C074B920}.Debug_Client|Win32.ActiveCfg = Debug|Win32
		{6ED602CC-8842-4490-8FF5-37E4C074B920}.Debug_Client|Win32.Build.0 = Debug|Win32
		{6ED602CC-8842-4490-8FF5-37E4C074B920}.Debug_DevTest|Win32.ActiveCfg = Debug|Win32
		{6ED602CC-8842-4490-8FF5-37E4C074B920}.Debug_DevTest|Win32.Build.0 = Debug|Win32
		{6ED602CC-8842-4490-8FF5-37E4C074B920}.Debug_Server|Win32.ActiveCfg = Debug|Win32
		{6ED602CC-8842-4490-8FF5-37E4C074B920}.Debug_Server|Win32.Build.0 = Debug|Win32
		{6ED602CC-8842-4490-8FF5-37E4C074B920}.Debug|Win32.ActiveCfg = Debug|Win32
		{6ED602CC-8842-4490-8FF5-37E4C074B920}.Debug|Win32.Build.0 = Debug|Win32
		{6ED602CC-8842-4490-8FF5-37E4C074B920}.Hybrid|Win32.ActiveCfg = Release|Win32
		{6ED602CC-8842-4490-8FF5-37E4C074B920}.Hybrid|Win32.Build.0 = Release|Win32
		{6ED602CC-8842-4490-8FF5-37E4C074B920}.Release_AutoTest|Win32.ActiveCfg = Release|Win32
		{6ED602CC-8842-4490-8FF5-37E4C074B920}.Release_AutoTest|Win32.Build.0 = Release|Win32
		{6ED602CC-8842-4490-8FF5-37E4C074B920}.Release_Client|Win32.ActiveCfg = Release|Win32
		{6ED602CC-8842-4490-8FF5-37E4C074B920}.Release_Client|Win32.Build.0 = Release|Win32
		{6ED602CC-8842-4490-8FF5-37E4C074B920}.Release_DevTest|Win32.ActiveCfg = Release|Win32
		{6ED602CC-8842-4490-8FF5-37E4C074B920}.Release_DevTest|Win32.Build.0 = Release|Win32
		{6ED602CC-8842-4490-8FF5-37E4C074B920}.Release_Server|Win32.ActiveCfg = Release|Win32
		{6ED602CC-8842-4490-8FF5-37E4C074B920}.Release_Server|Win32.Build.0 = Release|Win32
		{6ED602CC-8842-4490-8FF5-37E4C074B920}.Release|Win32.ActiveCfg = Release|Win32
		{6ED602CC-8842-4490-8FF5-37E4C074B920}.Release|Win32.Build.0 = Release|Win32
		{AA3703A5-5BA1-4458-897C-6980D372C21F}.Debug_AutoTest|Win32.ActiveCfg = Debug|Win32
		{AA3703A5-5BA1-4458-897C-6980D372C21F}.Debug_AutoTest|Win32.Build.0 = Debug|Win32
		{AA3703A5-5BA1-4458-897C-6980D372C21F}.Debug_Client|Win32.ActiveCfg = Debug|Win32
		{AA3703A5-5BA1-4458-897C-6980D372C21F}.Debug_Client|Win32.Build.0 = Debug|Win32
		{AA3703A5-5BA1-4458-897C-6980D372C21F}.Debug_DevTest|Win32.ActiveCfg = Debug|Win32
		{AA3703A5-5BA1-4458-897C-6980D372C21F}.Debug_DevTest|Win32.Build.0 = Debug|Win32
		{AA3703A5-5BA1-4458-897C-6980D372C21F}.Debug_Server|Win32.ActiveCfg = Debug|Win32
		{AA3703A5-5BA1-4458-897C-6980D372C21F}.Debug_Server|Win32.Build.0 = Debug|Win32
		{AA3703A5-5BA1-4458-897C-6980D372C21F}.Debug|Win32.ActiveCfg = Debug|Win32
		{AA3703A5-5BA1-4458-897C-6980D372C21F}.Debug|Win32.Build.0 = Debug|Win32
		{AA3703A5-5BA1-4458-897C-6980D372C21F}.Hybrid|Win32.ActiveCfg = Release|Win32
		{AA3703A5-5BA1-4458-897C-6980D372C21F}.Hybrid|Win32.Build.0 = Release|Win32
		{AA3703A5-5BA1-4458-897C-6980D372C21F}.Release_AutoTest|Win32.ActiveCfg = Release|Win32
		{AA3703A5-5BA1-4458-897C-6980D372C21F}.Release_AutoTest|Win32.Build.0 = Release|Win32
		{AA3703A5-5BA1-4458-897C-6980D372C21F}.Release_Client|Win32.ActiveCfg = Release|Win32
		{AA3703A5-5BA1-4458-897C-6980D372C21F}.Release_Client|Win32.Build.0 = Release|Win32
		{AA3703A5-5BA1-4458-897C-6980D372C21F}.Release_DevTest|Win32.ActiveCfg = Release|Win32
		{AA3703A5-5BA1-4458-897C-6980D372C21F}.Release_DevTest|Win32.Build.0 = Release|Win32
		{AA3703A5-5BA1-4458-897C-6980D372C21F}.Release_Server|Win32.ActiveCfg = Release|Win32
		{AA3703A5-5BA1-4458-897C-6980D372C21F}.Release_Server|Win32.Build.0 = Release|Win32
		{AA3703A5-5BA1-4458-897C-6980D372C21F}.Release|Win32.ActiveCfg = Release|Win32
		{AA3703A5-5BA1-4458-897C-6980D372C21F}.Release|Win32.Build.0 = Release|Win32
		{26028364-1422-4B86-8F66-F0EF03CA68DE}.Debug_AutoTest|Win32.ActiveCfg = Debug|Win32
		{26028364-1422-4B86-8F66-F0EF03CA68DE}.Debug_AutoTest|Win32.Build.0 = Debug|Win32
		{26028364-1422-4B86-8F66-F0EF03CA68DE}.Debug_Client|Win32.ActiveCfg = Debug|Win32
		{26028364-1422-4B86-8F66-F0EF03CA68DE}.Debug_Client|Win32.Build.0 = Debug|Win32
		{26028364-1422-4B86-8F66-F0EF03CA68DE}.Debug_DevTest|Win32.ActiveCfg = Debug|Win32
		{26028364-1422-4B86-8F66-F0EF03CA68DE}.Debug_DevTest|Win32.Build.0 = Debug|Win32
		{26028364-1422-4B86-8F66-F0EF03CA68DE}.Debug_Server|Win32.ActiveCfg = Debug|Win32
		{26028364-1422-4B86-8F66-F0EF03CA68DE}.Debug_Server|Win32.Build.0 = Debug|Win32
		{26028364-1422-4B86-8F66-F0EF03CA68DE}.Debug|Win32.ActiveCfg = Debug|Win32
		{26028364-1422-4B86-8F66-F0EF03CA68DE}.Debug|Win32.Build.0 = Debug|Win32
		{26028364-1422-4B86-8F66-F0EF03CA68DE}.Hybrid|Win32.ActiveCfg = Release|Win32
		{26028364-1422-4B86-8F66-F0EF03CA68DE}.Hybrid|Win32.Build.0 = Release|Win32
		{26028364-1422-4B86-8F66-F0EF03CA68DE}.Release_AutoTest|Win32.ActiveCfg = Release|Win32
		{26028364-1422-4B86-8F66-F0EF03CA68DE}.Release_AutoTest|Win32.Build.0 = Release|Win32
		{26028364-1422-4B86-8F66-F0EF03CA68DE}.Release_Client|Win32.ActiveCfg = Release|Win32
		{26028364-1422-4B86-8F66-F0EF03CA68DE}.Release_Client|Win32.Build.0 = Release|Win32
		{26028364-1422-4B86-8F66-F0EF03CA68DE}.Release_DevTest|Win32.ActiveCfg = Release|Win32
		{26028364-1422-4B86-8F66-F0EF03CA68DE}.Release_DevTest|Win32.Build.0 = Release|Win32
		{26028364-1422-4B86-8F66-F0EF03CA68DE}.Release_Server|Win32.ActiveCfg = Release|Win32
		{26028364-1422-4B86-8F66-F0EF03CA68DE}.Release_Server|Win32.Build.0 = Release|Win32
		{26028364-1422-4B86-8F66-F0EF03CA68DE}.Release|Win32.ActiveCfg = Release|Win32
		{26028364-1422-4B86-8F66-F0EF03CA68DE}.Release|Win32.Build.0 = Release|Win32
		{486229C4-BD28-44CE-A4CF-3D07321EBFB7}.Debug_AutoTest|Win32.ActiveCfg = Debug|Win32
		{486229C4-BD28-44CE-A4CF-3D07321EBFB7}.Debug_AutoTest|Win32.Build.0 = Debug|Win32
		{486229C4-BD28-44CE-A4CF-3D07321EBFB7}.Debug_Client|Win32.ActiveCfg = Debug|Win32
		{486229C4-BD28-44CE-A4CF-3D07321EBFB7}.Debug_Client|Win32.Build.0 = Debug|Win32
		{486229C4-BD28-44CE-A4CF-3D07321EBFB7}.Debug_DevTest|Win32.ActiveCfg = Debug|Win32
		{486229C4-BD28-44CE-A4CF-3D07321EBFB7}.Debug_DevTest|Win32.Build.0 = Debug|Win32
		{486229C4-BD28-44CE-A4CF-3D07321EBFB7}.Debug_Server|Win32.ActiveCfg = Debug|Win32
		{486229C4-BD28-44CE-A4CF-3D07321EBFB7}.Debug_Server|Win32.Build.0 = Debug|Win32
		{486229C4-BD28-44CE-A4CF-3D07321EBFB7}.Debug|Win32.ActiveCfg = Debug|Win32
		{486229C4-BD28-44CE-A4CF-3D07321EBFB7}.Debug|Win32.Build.0 = Debug|Win32
		{486229C4-BD28-44CE-A4CF-3D07321EBFB7}.Hybrid|Win32.ActiveCfg = Release|Win32
		{486229C4-BD28-44CE-A4CF-3D07321EBFB7}.Hybrid|Win32.Build.0 = Release|Win32
		{486229C4-BD28-44CE-A4CF-3D07321EBFB7}.Release_AutoTest|Win32.ActiveCfg = Release|Win32
		{486229C4-BD28-44CE-A4CF-3D07321EBFB7}.Release_AutoTest|Win32.Build.0 = Release|Win32
		{486229C4-BD28-44CE-A4CF-3D07321EBFB7}.Release_Client|Win32.ActiveCfg = Release|Win32
		{486229C4-BD28-44CE-A4CF-3D07321EBFB7}.Release_Client|Win32.Build.0 = Release|Win32
		{486229C4-BD28-44CE-A4CF-3D07321EBFB7}.Release_DevTest|Win32.ActiveCfg = Release|Win32
		{486229C4-BD28-44CE-A4CF-3D07321EBFB7}.Release_DevTest|Win32.Build.0 = Release|Win32
		{486229C4-BD28-44CE-A4CF-3D07321EBFB7}.Release_Server|Win32.ActiveCfg = Release|Win32
		{486229C4-BD28-44CE-A4CF-3D07321EBFB7}.Release_Server|Win32.Build.0 = Release|Win32
		{486229C4-BD28-44CE-A4CF-3D07321EBFB7}.Release|Win32.ActiveCfg = Release|Win32
		{486229C4-BD28-44CE-A4CF-3D07321EBFB7}.Release|Win32.Build.0 = Release|Win32
		{112978B9-E73B-4848-9C47-C34DA99949A0}.Debug_AutoTest|Win32.ActiveCfg = Debug|Win32
		{112978B9-E73B-4848-9C47-C34DA99949A0}.Debug_AutoTest|Win32.Build.0 = Debug|Win32
		{112978B9-E73B-4848-9C47-C34DA99949A0}.Debug_Client|Win32.ActiveCfg = Debug|Win32
		{112978B9-E73B-4848-9C47-C34DA99949A0}.Debug_Client|Win32.Build.0 = Debug|Win32
		{112978B9-E73B-4848-9C47-C34DA99949A0}.Debug_DevTest|Win32.ActiveCfg = Debug|Win32
		{112978B9-E73B-4848-9C47-C34DA99949A0}.Debug_DevTest|Win32.Build.0 = Debug|Win32
		{112978B9-E73B-4848-9C47-C34DA99949A0}.Debug_Server|Win32.ActiveCfg = Debug|Win32
		{112978B9-E73B-4848-9C47-C34DA99949A0}.Debug_Server|Win32.Build.0 = Debug|Win32
		{112978B9-E73B-4848-9C47-C34DA99949A0}.Debug|Win32.ActiveCfg = Debug|Win32
		{112978B9-E73B-4848-9C47-C34DA99949A0}.Debug|Win32.Build.0 = Debug|Win32
		{112978B9-E73B-4848-9C47-C34DA99949A0}.Hybrid|Win32.ActiveCfg = Release|Win32
		{112978B9-E73B-4848-9C47-C34DA99949A0}.Hybrid|Win32.Build.0 = Release|Win32
		{112978B9-E73B-4848-9C47-C34DA99949A0}.Release_AutoTest|Win32.ActiveCfg = Release|Win32
		{112978B9-E73B-4848-9C47-C34DA99949A0}.Release_AutoTest|Win32.Build.0 = Release|Win32
		{112978B9-E73B-4848-9C47-C34DA99949A0}.Release_Client|Win32.ActiveCfg = Release|Win32
		{112978B9-E73B-4848-9C47-C34DA99949A0}.Release_Client|Win32.Build.0 = Release|Win32
		{112978B9-E73B-4848-9C47-C34DA99949A0}.Release_DevTest|Win32.ActiveCfg = Release|Win32
		{112978B9-E73B-4848-9C47-C34DA99949A0}.Release_DevTest|Win32.Build.0 = Release|Win32
		{112978B9-E73B-4848-9C47-C34DA99949A0}.Release_Server|Win32.ActiveCfg = Release|Win32
		{112978B9-E73B-4848-9C47-C34DA99949A0}.Release_Server|Win32.Build.0 = Release|Win32
		{112978B9-E73B-4848-9C47-C34DA99949A0}.Release|Win32.ActiveCfg = Release|Win32
		{112978B9-E73B-4848-9C47-C34DA99949A0}.Release|Win32.Build.0 = Release|Win32
		{D9F789A3-547C-4FA2-A443-A0EF6F89375F}.Debug_AutoTest|Win32.ActiveCfg = Debug_Server|Win32
		{D9F789A3-547C-4FA2-A443-A0EF6F89375F}.Debug_AutoTest|Win32.Build.0 = Debug_Server|Win32
		{D9F789A3-547C-4FA2-A443-A0EF6F89375F}.Debug_Client|Win32.ActiveCfg = Debug_Client|Win32
		{D9F789A3-547C-4FA2-A443-A0EF6F89375F}.Debug_Client|Win32.Build.0 = Debug_Client|Win32
		{D9F789A3-547C-4FA2-A443-A0EF6F89375F}.Debug_DevTest|Win32.ActiveCfg = Debug_Server|Win32
		{D9F789A3-547C-4FA2-A443-A0EF6F89375F}.Debug_DevTest|Win32.Build.0 = Debug_Server|Win32
		{D9F789A3-547C-4FA2-A443-A0EF6F89375F}.Debug_Server|Win32.ActiveCfg = Debug_Server|Win32
		{D9F789A3-547C-4FA2-A443-A0EF6F89375F}.Debug_Server|Win32.Build.0 = Debug_Server|Win32
		{D9F789A3-547C-4FA2-A443-A0EF6F89375F}.Debug|Win32.ActiveCfg = Debug_Server|Win32
		{D9F789A3-547C-4FA2-A443-A0EF6F89375F}.Debug|Win32.Build.0 = Debug_Server|Win32
		{D9F789A3-547C-4FA2-A443-A0EF6F89375F}.Hybrid|Win32.ActiveCfg = Release_Server|Win32
		{D9F789A3-547C-4FA2-A443-A0EF6F89375F}.Hybrid|Win32.Build.0 = Release_Server|Win32
		{D9F789A3-547C-4FA2-A443-A0EF6F89375F}.Release_AutoTest|Win32.ActiveCfg = Release_Server|Win32
		{D9F789A3-547C-4FA2-A443-A0EF6F89375F}.Release_AutoTest|Win32.Build.0 = Release_Server|Win32
		{D9F789A3-547C-4FA2-A443-A0EF6F89375F}.Release_Client|Win32.ActiveCfg = Release_Client|Win32
		{D9F789A3-547C-4FA2-A443-A0EF6F89375F}.Release_Client|Win32.Build.0 = Release_Client|Win32
		{D9F789A3-547C-4FA2-A443-A0EF6F89375F}.Release_DevTest|Win32.ActiveCfg = Release_Server|Win32
		{D9F789A3-547C-4FA2-A443-A0EF6F89375F}.Release_DevTest|Win32.Build.0 = Release_Server|Win32
		{D9F789A3-547C-4FA2-A443-A0EF6F89375F}.Release_Server|Win32.ActiveCfg = Release_Server|Win32
		{D9F789A3-547C-4FA2-A443-A0EF6F89375F}.Release_Server|Win32.Build.0 = Release_Server|Win32
		{D9F789A3-547C-4FA2-A443-A0EF6F89375F}.Release|Win32.ActiveCfg = Release_Server|Win32
		{D9F789A3-547C-4FA2-A443-A0EF6F89375F}.Release|Win32.Build.0 = Release_Server|Win32
		{90AF2153-D437-4727-BDAA-A324DF7E39E8}.Debug_AutoTest|Win32.ActiveCfg = Debug_AutoTest|Win32
		{90AF2153-D437-4727-BDAA-A324DF7E39E8}.Debug_AutoTest|Win32.Build.0 = Debug_AutoTest|Win32
		{90AF2153-D437-4727-BDAA-A324DF7E39E8}.Debug_Client|Win32.ActiveCfg = Debug_AutoTest|Win32
		{90AF2153-D437-4727-BDAA-A324DF7E39E8}.Debug_Client|Win32.Build.0 = Debug_AutoTest|Win32
		{90AF2153-D437-4727-BDAA-A324DF7E39E8}.Debug_DevTest|Win32.ActiveCfg = Debug_DevTest|Win32
		{90AF2153-D437-4727-BDAA-A324DF7E39E8}.Debug_DevTest|Win32.Build.0 = Debug_DevTest|Win32
		{90AF2153-D437-4727-BDAA-A324DF7E39E8}.Debug_Server|Win32.ActiveCfg = Debug_AutoTest|Win32
		{90AF2153-D437-4727-BDAA-A324DF7E39E8}.Debug_Server|Win32.Build.0 = Debug_AutoTest|Win32
		{90AF2153-D437-4727-BDAA-A324DF7E39E8}.Debug|Win32.ActiveCfg = Debug|Win32
		{90AF2153-D437-4727-BDAA-A324DF7E39E8}.Debug|Win32.Build.0 = Debug|Win32
		{90AF2153-D437-4727-BDAA-A324DF7E39E8}.Hybrid|Win32.ActiveCfg = Release_AutoTest|Win32
		{90AF2153-D437-4727-BDAA-A324DF7E39E8}.Hybrid|Win32.Build.0 = Release_AutoTest|Win32
		{90AF2153-D437-4727-BDAA-A324DF7E39E8}.Release_AutoTest|Win32.ActiveCfg = Release_AutoTest|Win32
		{90AF2153-D437-4727-BDAA-A324DF7E39E8}.Release_AutoTest|Win32.Build.0 = Release_AutoTest|Win32
		{90AF2153-D437-4727-BDAA-A324DF7E39E8}.Release_Client|Win32.ActiveCfg = Release_AutoTest|Win32
		{90AF2153-D437-4727-BDAA-A324DF7E39E8}.Release_Client|Win32.Build.0 = Release_AutoTest|Win32
		{90AF2153-D437-4727-BDAA-A324DF7E39E8}.Release_DevTest|Win32.ActiveCfg = Release_DevTest|Win32
		{90AF2153-D437-4727-BDAA-A324DF7E39E8}.Release_DevTest|Win32.Build.0 = Release_DevTest|Win32
		{90AF2153-D437-4727-BDAA-A324DF7E39E8}.Release_Server|Win32.ActiveCfg = Release_AutoTest|Win32
		{90AF2153-D437-4727-BDAA-A324DF7E39E8}.Release_Server|Win32.Build.0 = Release_AutoTest|Win32
		{90AF2153-D437-4727-BDAA-A324DF7E39E8}.Release|Win32.ActiveCfg = Release|Win32
		{90AF2153-D437-4727-BDAA-A324DF7E39E8}.Release|Win32.Build.0 = Release|Win32
		{B4477EB4-3176-4B7F-A1CB-8839CC8E28D1}.Debug_AutoTest|Win32.ActiveCfg = Debug|Win32
		{B4477EB4-3176-4B7F-A1CB-8839CC8E28D1}.Debug_AutoTest|Win32.Build.0 = Debug|Win32
		{B4477EB4-3176-4B7F-A1CB-8839CC8E28D1}.Debug_Client|Win32.ActiveCfg = Debug|Win32
		{B4477EB4-3176-4B7F-A1CB-8839CC8E28D1}.Debug_Client|Win32.Build.0 = Debug|Win32
		{B4477EB4-3176-4B7F-A1CB-8839CC8E28D1}.Debug_DevTest|Win32.ActiveCfg = Debug|Win32
		{B4477EB4-3176-4B7F-A1CB-8839CC8E28D1}.Debug_DevTest|Win32.Build.0 = Debug|Win32
		{B4477EB4-3176-4B7F-A1CB-8839CC8E28D1}.Debug_Server|Win32.ActiveCfg = Debug|Win32
		{B4477EB4-3176-4B7F-A1CB-8839CC8E28D1}.Debug_Server|Win32.Build.0 = Debug|Win32
		{B4477EB4-3176-4B7F-A1CB-8839CC8E28D1}.Debug|Win32.ActiveCfg = Debug|Win32
		{B4477EB4-3176-4B7F-A1CB-8839CC8E28D1}.Debug|Win32.Build.0 = Debug|Win32
		{B4477EB4-3176-4B7F-A1CB-8839CC8E28D1}.Hybrid|Win32.ActiveCfg = Release|Win32
		{B4477EB4-3176-4B7F-A1CB-8839CC8E28D1}.Hybrid|Win32.Build.0 = Release|Win32
		{B4477EB4-3176-4B7F-A1CB-8839CC8E28D1}.Release_AutoTest|Win32.ActiveCfg = Release|Win32
		{B4477EB4-3176-4B7F-A1CB-8839CC8E28D1}.Release_AutoTest|Win32.Build.0 = Release|Win32
		{B4477EB4-3176-4B7F-A1CB-8839CC8E28D1}.Release_Client|Win32.ActiveCfg = Release|Win32
		{B4477EB4-3176-4B7F-A1CB-8839CC8E28D1}.Release_Client|Win32.Build.0 = Release|Win32
		{B4477EB4-3176-4B7F-A1CB-8839CC8E28D1}.Release_DevTest|Win32.ActiveCfg = Release|Win32
		{B4477EB4-3176-4B7F-A1CB-8839CC8E28D1}.Release_DevTest|Win32.Build.0 = Release|Win32
		{B4477EB4-3176-4B7F-A1CB-8839CC8E28D1}.Release_Server|Win32.ActiveCfg = Release|Win32
		{B4477EB4-3176-4B7F-A1CB-8839CC8E28D1}.Release_Server|Win32.Build.0 = Release|Win32
		{B4477EB4-3176-4B7F-A1CB-8839CC8E28D1}.Release|Win32.ActiveCfg = Release|Win32
		{B4477EB4-3176-4B7F-A1CB-8839CC8E28D1}.Release|Win32.Build.0 = Release|Win32
		{F19B166E-3E49-4AF7-BD09-A4FE7D5F7F91}.Debug_AutoTest|Win32.ActiveCfg = Debug|Win32
		{F19B166E-3E49-4AF7-BD09-A4FE7D5F7F91}.Debug_AutoTest|Win32.Build.0 = Debug|Win32
		{F19B166E-3E49-4AF7-BD09-A4FE7D5F7F91}.Debug_Client|Win32.ActiveCfg = Debug|Win32
		{F19B166E-3E49-4AF7-BD09-A4FE7D5F7F91}.Debug_Client|Win32.Build.0 = Debug|Win32
		{F19B166E-3E49-4AF7-BD09-A4FE7D5F7F91}.Debug_DevTest|Win32.ActiveCfg = Debug|Win32
		{F19B166E-3E49-4AF7-BD09-A4FE7D5F7F91}.Debug_DevTest|Win32.Build.0 = Debug|Win32
		{F19B166E-3E49-4AF7-BD09-A4FE7D5F7F91}.Debug_Server|Win32.ActiveCfg = Debug|Win32
		{F19B166E-3E49-4AF7-BD09-A4FE7D5F7F91}.Debug_Server|Win32.Build.0 = Debug|Win32
		{F19B166E-3E49-4AF7-BD09-A4FE7D5F7F91}.Debug|Win32.ActiveCfg = Debug|Win32
		{F19B166E-3E49-4AF7-BD09-A4FE7D5F7F91}.Debug|Win32.Build.0 = Debug|Win32
		{F19B166E-3E49-4AF7-BD09-A4FE7D5F7F91}.Hybrid|Win32.ActiveCfg = Hybrid|Win32
		{F19B166E-3E49-4AF7-BD09-A4FE7D5F7F91}.Hybrid|Win32.Build.0 = Hybrid|Win32
		{F19B166E-3E49-4AF7-BD09-A4FE7D5F7F91}.Release_AutoTest|Win32.ActiveCfg = Release|Win32
		{F19B166E-3E49-4AF7-BD09-A4FE7D5F7F91}.Release_AutoTest|Win32.Build.0 = Release|Win32
		{F19B166E-3E49-4AF7-BD09-A4FE7D5F7F91}.Release_Client|Win32.ActiveCfg = Release|Win32
		{F19B166E-3E49-4AF7-BD09-A4FE7D5F7F91}.Release_Client|Win32.Build.0 = Release|Win32
		{F19B166E-3E49-4AF7-BD09-A4FE7D5F7F91}.Release_DevTest|Win32.ActiveCfg = Release|Win32
		{F19B166E-3E49-4AF7-BD09-A4FE7D5F7F91}.Release_DevTest|Win32.Build.0 = Release|Win32
		{F19B166E-3E49-4AF7-BD09-A4FE7D5F7F91}.Release_Server|Win32.ActiveCfg = Release|Win32
		{F19B166E-3E49-4AF7-BD09-A4FE7D5F7F91}.Release_Server|Win32.Build.0 = Release|Win32
		{F19B166E-3E49-4AF7-BD09-A4FE7D5F7F91}.Release|Win32.ActiveCfg = Release|Win32
		{F19B166E-3E49-4AF7-BD09-A4FE7D5F7F91}.Release|Win32.Build.0 = Release|Win32
	EndGlobalSection
	GlobalSection(SolutionProperties) = preSolution
		HideSolutionNode = FALSE
	EndGlobalSection
EndGlobal
