
Microsoft Visual Studio Solution File, Format Version 9.00
# Visual Studio 2005
Project("{FAE04EC0-301F-11D3-BF4B-00C04F79EFBC}") = "XMLEditControl", "SkillScriptControl\XMLEditControl.csproj", "{FE088B9A-A792-4133-A3DA-AC1B7B03F543}"
EndProject
Project("{FAE04EC0-301F-11D3-BF4B-00C04F79EFBC}") = "testXMLEdit", "testScriptEdit\testXMLEdit.csproj", "{7D9A2AF6-A851-401F-8F12-4E99DECB377B}"
EndProject
Global
	GlobalSection(SolutionConfigurationPlatforms) = preSolution
		Debug|Any CPU = Debug|Any CPU
		Release|Any CPU = Release|Any CPU
	EndGlobalSection
	GlobalSection(ProjectConfigurationPlatforms) = postSolution
		{FE088B9A-A792-4133-A3DA-AC1B7B03F543}.Debug|Any CPU.ActiveCfg = Debug|Any CPU
		{FE088B9A-A792-4133-A3DA-AC1B7B03F543}.Debug|Any CPU.Build.0 = Debug|Any CPU
		{FE088B9A-A792-4133-A3DA-AC1B7B03F543}.Release|Any CPU.ActiveCfg = Release|Any CPU
		{FE088B9A-A792-4133-A3DA-AC1B7B03F543}.Release|Any CPU.Build.0 = Release|Any CPU
		{7D9A2AF6-A851-401F-8F12-4E99DECB377B}.Debug|Any CPU.ActiveCfg = Debug|Any CPU
		{7D9A2AF6-A851-401F-8F12-4E99DECB377B}.Debug|Any CPU.Build.0 = Debug|Any CPU
		{7D9A2AF6-A851-401F-8F12-4E99DECB377B}.Release|Any CPU.ActiveCfg = Release|Any CPU
		{7D9A2AF6-A851-401F-8F12-4E99DECB377B}.Release|Any CPU.Build.0 = Release|Any CPU
	EndGlobalSection
	GlobalSection(SolutionProperties) = preSolution
		HideSolutionNode = FALSE
	EndGlobalSection
EndGlobal
