
Microsoft Visual Studio Solution File, Format Version 9.00
# Visual Studio 2005
Project("{8BC9CEB8-8B4A-11D0-8D11-00A0C91BC942}") = "SO3Gateway", "SO3Gateway.vcproj", "{DBC18ACF-3006-4DF4-A4F9-8C758C435255}"
EndProject
Global
	GlobalSection(SolutionConfigurationPlatforms) = preSolution
		Debug|Win32 = Debug|Win32
		Release|Win32 = Release|Win32
	EndGlobalSection
	GlobalSection(ProjectConfigurationPlatforms) = postSolution
		{DBC18ACF-3006-4DF4-A4F9-8C758C435255}.Debug|Win32.ActiveCfg = Debug|Win32
		{DBC18ACF-3006-4DF4-A4F9-8C758C435255}.Debug|Win32.Build.0 = Debug|Win32
		{DBC18ACF-3006-4DF4-A4F9-8C758C435255}.Release|Win32.ActiveCfg = Release|Win32
		{DBC18ACF-3006-4DF4-A4F9-8C758C435255}.Release|Win32.Build.0 = Release|Win32
	EndGlobalSection
	GlobalSection(SolutionProperties) = preSolution
		HideSolutionNode = FALSE
	EndGlobalSection
EndGlobal
