
Microsoft Visual Studio Solution File, Format Version 9.00
# Visual Studio 2005
Project("{FAE04EC0-301F-11D3-BF4B-00C04F79EFBC}") = "ScriptViewer", "ScriptViewer\ScriptViewer.csproj", "{8EDF8085-C3AD-4732-A295-6E27FB8C9FA2}"
EndProject
Project("{FAE04EC0-301F-11D3-BF4B-00C04F79EFBC}") = "testScriptView", "testScriptView\testScriptView.csproj", "{E42239CB-384F-49C6-B6D5-0DF55457307D}"
EndProject
Project("{FAE04EC0-301F-11D3-BF4B-00C04F79EFBC}") = "luaEditor", "..\..\..\..\..\Kingsoft\Sword3\Source\Tools\GameDesignerEditor\Controls\luaEditor\luaEditor\luaEditor.csproj", "{05388F00-B7FB-4552-8EF2-D31944E39E0D}"
EndProject
Project("{FAE04EC0-301F-11D3-BF4B-00C04F79EFBC}") = "GameDesignerTools", "T:\GameDesignerEditor\GameDesignerTools\GameDesignerTools.csproj", "{4A2A6787-888F-4EF0-A2F0-DB057E49BFC0}"
EndProject
Project("{2150E333-8FDC-42A3-9474-1A3956D46DE8}") = "解决方案项目", "解决方案项目", "{0046BA15-66E3-47AC-B614-2CAFF794C006}"
	ProjectSection(SolutionItems) = preProject
		ScriptViewer.vsd = ScriptViewer.vsd
	EndProjectSection
EndProject
Global
	GlobalSection(SolutionConfigurationPlatforms) = preSolution
		Debug|Any CPU = Debug|Any CPU
		Release|Any CPU = Release|Any CPU
	EndGlobalSection
	GlobalSection(ProjectConfigurationPlatforms) = postSolution
		{8EDF8085-C3AD-4732-A295-6E27FB8C9FA2}.Debug|Any CPU.ActiveCfg = Debug|Any CPU
		{8EDF8085-C3AD-4732-A295-6E27FB8C9FA2}.Debug|Any CPU.Build.0 = Debug|Any CPU
		{8EDF8085-C3AD-4732-A295-6E27FB8C9FA2}.Release|Any CPU.ActiveCfg = Release|Any CPU
		{8EDF8085-C3AD-4732-A295-6E27FB8C9FA2}.Release|Any CPU.Build.0 = Release|Any CPU
		{E42239CB-384F-49C6-B6D5-0DF55457307D}.Debug|Any CPU.ActiveCfg = Debug|Any CPU
		{E42239CB-384F-49C6-B6D5-0DF55457307D}.Debug|Any CPU.Build.0 = Debug|Any CPU
		{E42239CB-384F-49C6-B6D5-0DF55457307D}.Release|Any CPU.ActiveCfg = Release|Any CPU
		{E42239CB-384F-49C6-B6D5-0DF55457307D}.Release|Any CPU.Build.0 = Release|Any CPU
		{05388F00-B7FB-4552-8EF2-D31944E39E0D}.Debug|Any CPU.ActiveCfg = Debug|Any CPU
		{05388F00-B7FB-4552-8EF2-D31944E39E0D}.Debug|Any CPU.Build.0 = Debug|Any CPU
		{05388F00-B7FB-4552-8EF2-D31944E39E0D}.Release|Any CPU.ActiveCfg = Release|Any CPU
		{05388F00-B7FB-4552-8EF2-D31944E39E0D}.Release|Any CPU.Build.0 = Release|Any CPU
		{4A2A6787-888F-4EF0-A2F0-DB057E49BFC0}.Debug|Any CPU.ActiveCfg = Debug|Any CPU
		{4A2A6787-888F-4EF0-A2F0-DB057E49BFC0}.Debug|Any CPU.Build.0 = Debug|Any CPU
		{4A2A6787-888F-4EF0-A2F0-DB057E49BFC0}.Release|Any CPU.ActiveCfg = Release|Any CPU
		{4A2A6787-888F-4EF0-A2F0-DB057E49BFC0}.Release|Any CPU.Build.0 = Release|Any CPU
	EndGlobalSection
	GlobalSection(SolutionProperties) = preSolution
		HideSolutionNode = FALSE
	EndGlobalSection
EndGlobal
