
Microsoft Visual Studio Solution File, Format Version 9.00
# Visual Studio 2005
Project("{FAE04EC0-301F-11D3-BF4B-00C04F79EFBC}") = "ArtResourceCheck", "ArtResourceCheck\ArtResourceCheck.csproj", "{9D4A0CB3-261C-49A0-BBF4-92DCE3A6C94A}"
EndProject
Project("{FAE04EC0-301F-11D3-BF4B-00C04F79EFBC}") = "GameDesignerTools", "..\..\GameDesignerTools\GameDesignerTools.csproj", "{4A2A6787-888F-4EF0-A2F0-DB057E49BFC0}"
EndProject
Project("{FAE04EC0-301F-11D3-BF4B-00C04F79EFBC}") = "IconSelector", "..\IconSelector\IconSelector.csproj", "{ADF087DE-F31E-4FC1-AF67-3DD72A0AEE5E}"
EndProject
Project("{FAE04EC0-301F-11D3-BF4B-00C04F79EFBC}") = "Stock", "..\Stock\Stock\Stock.csproj", "{4B350D2E-7071-4C7B-8E1E-F5930A87E5F0}"
EndProject
Project("{FAE04EC0-301F-11D3-BF4B-00C04F79EFBC}") = "GameLuaEditor", "..\GameLuaEditor\GameLuaEditor\GameLuaEditor.csproj", "{6FDB1934-4CC5-49FB-B03B-4356EB146564}"
EndProject
Global
	GlobalSection(TextTemplating) = postSolution
		TextTemplating = 1
	EndGlobalSection
	GlobalSection(SolutionConfigurationPlatforms) = preSolution
		Debug|Any CPU = Debug|Any CPU
		Release|Any CPU = Release|Any CPU
	EndGlobalSection
	GlobalSection(ProjectConfigurationPlatforms) = postSolution
		{9D4A0CB3-261C-49A0-BBF4-92DCE3A6C94A}.Debug|Any CPU.ActiveCfg = Debug|Any CPU
		{9D4A0CB3-261C-49A0-BBF4-92DCE3A6C94A}.Debug|Any CPU.Build.0 = Debug|Any CPU
		{9D4A0CB3-261C-49A0-BBF4-92DCE3A6C94A}.Release|Any CPU.ActiveCfg = Release|Any CPU
		{9D4A0CB3-261C-49A0-BBF4-92DCE3A6C94A}.Release|Any CPU.Build.0 = Release|Any CPU
		{4A2A6787-888F-4EF0-A2F0-DB057E49BFC0}.Debug|Any CPU.ActiveCfg = Debug|Any CPU
		{4A2A6787-888F-4EF0-A2F0-DB057E49BFC0}.Debug|Any CPU.Build.0 = Debug|Any CPU
		{4A2A6787-888F-4EF0-A2F0-DB057E49BFC0}.Release|Any CPU.ActiveCfg = Release|Any CPU
		{4A2A6787-888F-4EF0-A2F0-DB057E49BFC0}.Release|Any CPU.Build.0 = Release|Any CPU
		{ADF087DE-F31E-4FC1-AF67-3DD72A0AEE5E}.Debug|Any CPU.ActiveCfg = Debug|Any CPU
		{ADF087DE-F31E-4FC1-AF67-3DD72A0AEE5E}.Debug|Any CPU.Build.0 = Debug|Any CPU
		{ADF087DE-F31E-4FC1-AF67-3DD72A0AEE5E}.Release|Any CPU.ActiveCfg = Release|Any CPU
		{ADF087DE-F31E-4FC1-AF67-3DD72A0AEE5E}.Release|Any CPU.Build.0 = Release|Any CPU
		{4B350D2E-7071-4C7B-8E1E-F5930A87E5F0}.Debug|Any CPU.ActiveCfg = Debug|Any CPU
		{4B350D2E-7071-4C7B-8E1E-F5930A87E5F0}.Debug|Any CPU.Build.0 = Debug|Any CPU
		{4B350D2E-7071-4C7B-8E1E-F5930A87E5F0}.Release|Any CPU.ActiveCfg = Release|Any CPU
		{4B350D2E-7071-4C7B-8E1E-F5930A87E5F0}.Release|Any CPU.Build.0 = Release|Any CPU
		{6FDB1934-4CC5-49FB-B03B-4356EB146564}.Debug|Any CPU.ActiveCfg = Debug|Any CPU
		{6FDB1934-4CC5-49FB-B03B-4356EB146564}.Debug|Any CPU.Build.0 = Debug|Any CPU
		{6FDB1934-4CC5-49FB-B03B-4356EB146564}.Release|Any CPU.ActiveCfg = Release|Any CPU
		{6FDB1934-4CC5-49FB-B03B-4356EB146564}.Release|Any CPU.Build.0 = Release|Any CPU
	EndGlobalSection
	GlobalSection(SolutionProperties) = preSolution
		HideSolutionNode = FALSE
	EndGlobalSection
EndGlobal
